{
  "version": 4,
  "terraform_version": "1.6.6",
  "serial": 242,
  "lineage": "1e5b7abc-2fbe-779b-0c5d-4decd4e9a812",
  "outputs": {},
  "resources": [
    {
      "mode": "data",
      "type": "azurerm_function_app_host_keys",
      "name": "import_keys",
      "provider": "provider[\"registry.terraform.io/hashicorp/azurerm\"]",
      "instances": [
        {
          "schema_version": 0,
          "attributes": {
            "blobs_extension_key": "KD51H1ZaxoeCCZeKdZUBUPc53HgPS4wVOHuXCybvWJbaAzFuWO95wA==",
            "default_function_key": "zQTjt7AJsSCryEKem_SPAnt4UTd2lUspYczIuY2mI1mxAzFumN4-pw==",
            "durabletask_extension_key": "",
            "event_grid_extension_config_key": "",
            "id": "/subscriptions/738ecd1a-cec3-4b76-9ecf-24ea9606a0fe/resourceGroups/rg-import-service-sand-ne-vol/providers/Microsoft.Web/sites/fa-import-service-ne-vol",
            "name": "fa-import-service-ne-vol",
            "primary_key": "EJRJygnCxw6OgFrG_1ra17YElbAO8BlQmfa7pFWIfcCrAzFuq-i4gQ==",
            "resource_group_name": "rg-import-service-sand-ne-vol",
            "signalr_extension_key": "",
            "timeouts": null,
            "webpubsub_extension_key": ""
          },
          "sensitive_attributes": []
        }
      ]
    },
    {
      "mode": "data",
      "type": "azurerm_function_app_host_keys",
      "name": "products_keys",
      "provider": "provider[\"registry.terraform.io/hashicorp/azurerm\"]",
      "instances": [
        {
          "schema_version": 0,
          "attributes": {
            "blobs_extension_key": "",
            "default_function_key": "2czhWkuJdyedE6m558RvqOkhpSb6PMuzbJ3JtUFxt6meAzFu3XNRBg==",
            "durabletask_extension_key": "",
            "event_grid_extension_config_key": "",
            "id": "/subscriptions/738ecd1a-cec3-4b76-9ecf-24ea9606a0fe/resourceGroups/rg-product-service-sand-ne-001/providers/Microsoft.Web/sites/func-app-product-service",
            "name": "func-app-product-service",
            "primary_key": "19I662tPIKG2V-TDghffjVe_1yO0OqiWa8XH4ko2cqSkAzFu5LhHbA==",
            "resource_group_name": "rg-product-service-sand-ne-001",
            "signalr_extension_key": "",
            "timeouts": null,
            "webpubsub_extension_key": ""
          },
          "sensitive_attributes": []
        }
      ]
    },
    {
      "mode": "managed",
      "type": "azurerm_api_management",
      "name": "core_apim",
      "provider": "provider[\"registry.terraform.io/hashicorp/azurerm\"]",
      "instances": [
        {
          "schema_version": 0,
          "attributes": {
            "additional_location": [],
            "certificate": [],
            "client_certificate_enabled": false,
            "delegation": [],
            "developer_portal_url": "",
            "gateway_disabled": false,
            "gateway_regional_url": "",
            "gateway_url": "https://apim-product-service-vv.azure-api.net",
            "hostname_configuration": [
              {
                "developer_portal": [],
                "management": [],
                "portal": [],
                "proxy": [
                  {
                    "certificate": "",
                    "certificate_password": "",
                    "certificate_source": "BuiltIn",
                    "certificate_status": "",
                    "default_ssl_binding": true,
                    "expiry": "",
                    "host_name": "apim-product-service-vv.azure-api.net",
                    "key_vault_id": "",
                    "negotiate_client_certificate": false,
                    "ssl_keyvault_identity_client_id": "",
                    "subject": "",
                    "thumbprint": ""
                  }
                ],
                "scm": []
              }
            ],
            "id": "/subscriptions/738ecd1a-cec3-4b76-9ecf-24ea9606a0fe/resourceGroups/rg-apim-sand-ne-vv/providers/Microsoft.ApiManagement/service/apim-product-service-vv",
            "identity": [],
            "location": "northeurope",
            "management_api_url": "",
            "min_api_version": "",
            "name": "apim-product-service-vv",
            "notification_sender_email": "apimgmt-noreply@mail.windowsazure.com",
            "policy": [
              {
                "xml_content": "\u003c!--\r\n    IMPORTANT:\r\n    - Policy elements can appear only within the \u003cinbound\u003e, \u003coutbound\u003e, \u003cbackend\u003e section elements.\r\n    - Only the \u003cforward-request\u003e policy element can appear within the \u003cbackend\u003e section element.\r\n    - To apply a policy to the incoming request (before it is forwarded to the backend service), place a corresponding policy element within the \u003cinbound\u003e section element.\r\n    - To apply a policy to the outgoing response (before it is sent back to the caller), place a corresponding policy element within the \u003coutbound\u003e section element.\r\n    - To add a policy position the cursor at the desired insertion point and click on the round button associated with the policy.\r\n    - To remove a policy, delete the corresponding policy statement from the policy document.\r\n    - Policies are applied in the order of their appearance, from the top down.\r\n--\u003e\r\n\u003cpolicies\u003e\r\n\t\u003cinbound\u003e\u003c/inbound\u003e\r\n\t\u003cbackend\u003e\r\n\t\t\u003cforward-request /\u003e\r\n\t\u003c/backend\u003e\r\n\t\u003coutbound\u003e\u003c/outbound\u003e\r\n\u003c/policies\u003e",
                "xml_link": ""
              }
            ],
            "portal_url": "",
            "private_ip_addresses": [],
            "protocols": [
              {
                "enable_http2": false
              }
            ],
            "public_ip_address_id": "",
            "public_ip_addresses": [],
            "public_network_access_enabled": true,
            "publisher_email": "volodkovasya@gmail.com",
            "publisher_name": "Volodko Vasiliy",
            "resource_group_name": "rg-apim-sand-ne-vv",
            "scm_url": "",
            "security": [
              {
                "enable_backend_ssl30": false,
                "enable_backend_tls10": false,
                "enable_backend_tls11": false,
                "enable_frontend_ssl30": false,
                "enable_frontend_tls10": false,
                "enable_frontend_tls11": false,
                "tls_ecdhe_ecdsa_with_aes128_cbc_sha_ciphers_enabled": false,
                "tls_ecdhe_ecdsa_with_aes256_cbc_sha_ciphers_enabled": false,
                "tls_ecdhe_rsa_with_aes128_cbc_sha_ciphers_enabled": false,
                "tls_ecdhe_rsa_with_aes256_cbc_sha_ciphers_enabled": false,
                "tls_rsa_with_aes128_cbc_sha256_ciphers_enabled": false,
                "tls_rsa_with_aes128_cbc_sha_ciphers_enabled": false,
                "tls_rsa_with_aes128_gcm_sha256_ciphers_enabled": false,
                "tls_rsa_with_aes256_cbc_sha256_ciphers_enabled": false,
                "tls_rsa_with_aes256_cbc_sha_ciphers_enabled": false,
                "tls_rsa_with_aes256_gcm_sha384_ciphers_enabled": false,
                "triple_des_ciphers_enabled": false
              }
            ],
            "sign_in": [],
            "sign_up": [],
            "sku_name": "Consumption_0",
            "tags": {},
            "tenant_access": [],
            "timeouts": null,
            "virtual_network_configuration": [],
            "virtual_network_type": "None",
            "zones": []
          },
          "sensitive_attributes": [],
          "private": "eyJlMmJmYjczMC1lY2FhLTExZTYtOGY4OC0zNDM2M2JjN2M0YzAiOnsiY3JlYXRlIjoxMDgwMDAwMDAwMDAwMCwiZGVsZXRlIjoxMDgwMDAwMDAwMDAwMCwicmVhZCI6MzAwMDAwMDAwMDAwLCJ1cGRhdGUiOjEwODAwMDAwMDAwMDAwfX0=",
          "dependencies": [
            "azurerm_resource_group.apim"
          ]
        }
      ]
    },
    {
      "mode": "managed",
      "type": "azurerm_api_management_api",
      "name": "import_api",
      "provider": "provider[\"registry.terraform.io/hashicorp/azurerm\"]",
      "instances": [
        {
          "schema_version": 1,
          "attributes": {
            "api_management_name": "apim-product-service-vv",
            "api_type": "http",
            "contact": [],
            "description": "",
            "display_name": "Import Service API",
            "id": "/subscriptions/738ecd1a-cec3-4b76-9ecf-24ea9606a0fe/resourceGroups/rg-apim-sand-ne-vv/providers/Microsoft.ApiManagement/service/apim-product-service-vv/apis/import-service-api-vol;rev=1",
            "import": [],
            "is_current": true,
            "is_online": false,
            "license": [],
            "name": "import-service-api-vol",
            "oauth2_authorization": [],
            "openid_authentication": [],
            "path": "import-service",
            "protocols": [
              "https"
            ],
            "resource_group_name": "rg-apim-sand-ne-vv",
            "revision": "1",
            "revision_description": "",
            "service_url": "",
            "soap_pass_through": false,
            "source_api_id": null,
            "subscription_key_parameter_names": [
              {
                "header": "Ocp-Apim-Subscription-Key",
                "query": "subscription-key"
              }
            ],
            "subscription_required": false,
            "terms_of_service_url": "",
            "timeouts": null,
            "version": "",
            "version_description": "",
            "version_set_id": ""
          },
          "sensitive_attributes": [],
          "private": "eyJlMmJmYjczMC1lY2FhLTExZTYtOGY4OC0zNDM2M2JjN2M0YzAiOnsiY3JlYXRlIjoxODAwMDAwMDAwMDAwLCJkZWxldGUiOjE4MDAwMDAwMDAwMDAsInJlYWQiOjMwMDAwMDAwMDAwMCwidXBkYXRlIjoxODAwMDAwMDAwMDAwfX0=",
          "dependencies": [
            "azurerm_api_management.core_apim",
            "azurerm_resource_group.apim"
          ]
        }
      ]
    },
    {
      "mode": "managed",
      "type": "azurerm_api_management_api",
      "name": "products_api",
      "provider": "provider[\"registry.terraform.io/hashicorp/azurerm\"]",
      "instances": [
        {
          "schema_version": 1,
          "attributes": {
            "api_management_name": "apim-product-service-vv",
            "api_type": "http",
            "contact": [],
            "description": "",
            "display_name": "Products Service API",
            "id": "/subscriptions/738ecd1a-cec3-4b76-9ecf-24ea9606a0fe/resourceGroups/rg-apim-sand-ne-vv/providers/Microsoft.ApiManagement/service/apim-product-service-vv/apis/products-service-api;rev=1",
            "import": [],
            "is_current": true,
            "is_online": false,
            "license": [],
            "name": "products-service-api",
            "oauth2_authorization": [],
            "openid_authentication": [],
            "path": "func-app-product-service",
            "protocols": [
              "https"
            ],
            "resource_group_name": "rg-apim-sand-ne-vv",
            "revision": "1",
            "revision_description": "",
            "service_url": "",
            "soap_pass_through": false,
            "source_api_id": null,
            "subscription_key_parameter_names": [
              {
                "header": "Ocp-Apim-Subscription-Key",
                "query": "subscription-key"
              }
            ],
            "subscription_required": false,
            "terms_of_service_url": "",
            "timeouts": null,
            "version": "",
            "version_description": "",
            "version_set_id": ""
          },
          "sensitive_attributes": [],
          "private": "eyJlMmJmYjczMC1lY2FhLTExZTYtOGY4OC0zNDM2M2JjN2M0YzAiOnsiY3JlYXRlIjoxODAwMDAwMDAwMDAwLCJkZWxldGUiOjE4MDAwMDAwMDAwMDAsInJlYWQiOjMwMDAwMDAwMDAwMCwidXBkYXRlIjoxODAwMDAwMDAwMDAwfX0=",
          "dependencies": [
            "azurerm_api_management.core_apim",
            "azurerm_resource_group.apim"
          ]
        }
      ]
    },
    {
      "mode": "managed",
      "type": "azurerm_api_management_api_operation",
      "name": "get_product_by_id",
      "provider": "provider[\"registry.terraform.io/hashicorp/azurerm\"]",
      "instances": [
        {
          "schema_version": 0,
          "attributes": {
            "api_management_name": "apim-product-service-vv",
            "api_name": "products-service-api",
            "description": "",
            "display_name": "Get Product by ID",
            "id": "/subscriptions/738ecd1a-cec3-4b76-9ecf-24ea9606a0fe/resourceGroups/rg-apim-sand-ne-vv/providers/Microsoft.ApiManagement/service/apim-product-service-vv/apis/products-service-api/operations/http-get-product-by-id",
            "method": "GET",
            "operation_id": "http-get-product-by-id",
            "request": [
              {
                "description": "",
                "header": [],
                "query_parameter": [],
                "representation": []
              }
            ],
            "resource_group_name": "rg-apim-sand-ne-vv",
            "response": [],
            "template_parameter": [
              {
                "default_value": "",
                "description": "",
                "example": [],
                "name": "productId",
                "required": true,
                "schema_id": "",
                "type": "string",
                "type_name": "",
                "values": []
              }
            ],
            "timeouts": null,
            "url_template": "/products/{productId}"
          },
          "sensitive_attributes": [],
          "private": "eyJlMmJmYjczMC1lY2FhLTExZTYtOGY4OC0zNDM2M2JjN2M0YzAiOnsiY3JlYXRlIjoxODAwMDAwMDAwMDAwLCJkZWxldGUiOjE4MDAwMDAwMDAwMDAsInJlYWQiOjMwMDAwMDAwMDAwMCwidXBkYXRlIjoxODAwMDAwMDAwMDAwfX0=",
          "dependencies": [
            "azurerm_api_management.core_apim",
            "azurerm_api_management_api.products_api",
            "azurerm_resource_group.apim"
          ]
        }
      ]
    },
    {
      "mode": "managed",
      "type": "azurerm_api_management_api_operation",
      "name": "get_products",
      "provider": "provider[\"registry.terraform.io/hashicorp/azurerm\"]",
      "instances": [
        {
          "schema_version": 0,
          "attributes": {
            "api_management_name": "apim-product-service-vv",
            "api_name": "products-service-api",
            "description": "",
            "display_name": "Get Products",
            "id": "/subscriptions/738ecd1a-cec3-4b76-9ecf-24ea9606a0fe/resourceGroups/rg-apim-sand-ne-vv/providers/Microsoft.ApiManagement/service/apim-product-service-vv/apis/products-service-api/operations/http-get-product-list",
            "method": "GET",
            "operation_id": "http-get-product-list",
            "request": [
              {
                "description": "",
                "header": [],
                "query_parameter": [],
                "representation": []
              }
            ],
            "resource_group_name": "rg-apim-sand-ne-vv",
            "response": [],
            "template_parameter": [],
            "timeouts": null,
            "url_template": "/products"
          },
          "sensitive_attributes": [],
          "private": "eyJlMmJmYjczMC1lY2FhLTExZTYtOGY4OC0zNDM2M2JjN2M0YzAiOnsiY3JlYXRlIjoxODAwMDAwMDAwMDAwLCJkZWxldGUiOjE4MDAwMDAwMDAwMDAsInJlYWQiOjMwMDAwMDAwMDAwMCwidXBkYXRlIjoxODAwMDAwMDAwMDAwfX0=",
          "dependencies": [
            "azurerm_api_management.core_apim",
            "azurerm_api_management_api.products_api",
            "azurerm_resource_group.apim"
          ]
        }
      ]
    },
    {
      "mode": "managed",
      "type": "azurerm_api_management_api_operation",
      "name": "get_products_total",
      "provider": "provider[\"registry.terraform.io/hashicorp/azurerm\"]",
      "instances": [
        {
          "schema_version": 0,
          "attributes": {
            "api_management_name": "apim-product-service-vv",
            "api_name": "products-service-api",
            "description": "",
            "display_name": "Get Products Total",
            "id": "/subscriptions/738ecd1a-cec3-4b76-9ecf-24ea9606a0fe/resourceGroups/rg-apim-sand-ne-vv/providers/Microsoft.ApiManagement/service/apim-product-service-vv/apis/products-service-api/operations/http-get-product-total",
            "method": "GET",
            "operation_id": "http-get-product-total",
            "request": [
              {
                "description": "",
                "header": [],
                "query_parameter": [],
                "representation": []
              }
            ],
            "resource_group_name": "rg-apim-sand-ne-vv",
            "response": [],
            "template_parameter": [],
            "timeouts": null,
            "url_template": "/products/total"
          },
          "sensitive_attributes": [],
          "private": "eyJlMmJmYjczMC1lY2FhLTExZTYtOGY4OC0zNDM2M2JjN2M0YzAiOnsiY3JlYXRlIjoxODAwMDAwMDAwMDAwLCJkZWxldGUiOjE4MDAwMDAwMDAwMDAsInJlYWQiOjMwMDAwMDAwMDAwMCwidXBkYXRlIjoxODAwMDAwMDAwMDAwfX0=",
          "dependencies": [
            "azurerm_api_management.core_apim",
            "azurerm_api_management_api.products_api",
            "azurerm_resource_group.apim"
          ]
        }
      ]
    },
    {
      "mode": "managed",
      "type": "azurerm_api_management_api_operation",
      "name": "import_csv",
      "provider": "provider[\"registry.terraform.io/hashicorp/azurerm\"]",
      "instances": [
        {
          "schema_version": 0,
          "attributes": {
            "api_management_name": "apim-product-service-vv",
            "api_name": "import-service-api-vol",
            "description": "",
            "display_name": "Import CSV file",
            "id": "/subscriptions/738ecd1a-cec3-4b76-9ecf-24ea9606a0fe/resourceGroups/rg-apim-sand-ne-vv/providers/Microsoft.ApiManagement/service/apim-product-service-vv/apis/import-service-api-vol/operations/get-import-url",
            "method": "GET",
            "operation_id": "get-import-url",
            "request": [
              {
                "description": "",
                "header": [],
                "query_parameter": [],
                "representation": []
              }
            ],
            "resource_group_name": "rg-apim-sand-ne-vv",
            "response": [],
            "template_parameter": [],
            "timeouts": null,
            "url_template": "/import"
          },
          "sensitive_attributes": [],
          "private": "eyJlMmJmYjczMC1lY2FhLTExZTYtOGY4OC0zNDM2M2JjN2M0YzAiOnsiY3JlYXRlIjoxODAwMDAwMDAwMDAwLCJkZWxldGUiOjE4MDAwMDAwMDAwMDAsInJlYWQiOjMwMDAwMDAwMDAwMCwidXBkYXRlIjoxODAwMDAwMDAwMDAwfX0=",
          "dependencies": [
            "azurerm_api_management.core_apim",
            "azurerm_api_management_api.import_api",
            "azurerm_resource_group.apim"
          ]
        }
      ]
    },
    {
      "mode": "managed",
      "type": "azurerm_api_management_api_operation",
      "name": "post_product",
      "provider": "provider[\"registry.terraform.io/hashicorp/azurerm\"]",
      "instances": [
        {
          "schema_version": 0,
          "attributes": {
            "api_management_name": "apim-product-service-vv",
            "api_name": "products-service-api",
            "description": "",
            "display_name": "Post Product",
            "id": "/subscriptions/738ecd1a-cec3-4b76-9ecf-24ea9606a0fe/resourceGroups/rg-apim-sand-ne-vv/providers/Microsoft.ApiManagement/service/apim-product-service-vv/apis/products-service-api/operations/http-post-product",
            "method": "PUT",
            "operation_id": "http-post-product",
            "request": [
              {
                "description": "",
                "header": [],
                "query_parameter": [],
                "representation": []
              }
            ],
            "resource_group_name": "rg-apim-sand-ne-vv",
            "response": [],
            "template_parameter": [],
            "timeouts": null,
            "url_template": "/products"
          },
          "sensitive_attributes": [],
          "private": "eyJlMmJmYjczMC1lY2FhLTExZTYtOGY4OC0zNDM2M2JjN2M0YzAiOnsiY3JlYXRlIjoxODAwMDAwMDAwMDAwLCJkZWxldGUiOjE4MDAwMDAwMDAwMDAsInJlYWQiOjMwMDAwMDAwMDAwMCwidXBkYXRlIjoxODAwMDAwMDAwMDAwfX0=",
          "dependencies": [
            "azurerm_api_management.core_apim",
            "azurerm_api_management_api.products_api",
            "azurerm_resource_group.apim"
          ]
        }
      ]
    },
    {
      "mode": "managed",
      "type": "azurerm_api_management_api_policy",
      "name": "api_policy",
      "provider": "provider[\"registry.terraform.io/hashicorp/azurerm\"]",
      "instances": [
        {
          "schema_version": 2,
          "attributes": {
            "api_management_name": "apim-product-service-vv",
            "api_name": "products-service-api",
            "id": "/subscriptions/738ecd1a-cec3-4b76-9ecf-24ea9606a0fe/resourceGroups/rg-apim-sand-ne-vv/providers/Microsoft.ApiManagement/service/apim-product-service-vv/apis/products-service-api",
            "resource_group_name": "rg-apim-sand-ne-vv",
            "timeouts": null,
            "xml_content": "\u003cpolicies\u003e\r\n\t\u003cinbound\u003e\r\n\t\t\u003cset-backend-service backend-id=\"products-service-backend-volodko-003\" /\u003e\r\n\t\t\u003ccors allow-credentials=\"false\"\u003e\r\n\t\t\t\u003callowed-origins\u003e\r\n\t\t\t\t\u003corigin\u003e*\u003c/origin\u003e\r\n\t\t\t\u003c/allowed-origins\u003e\r\n\t\t\t\u003callowed-methods preflight-result-max-age=\"300\"\u003e\r\n\t\t\t\t\u003cmethod\u003e*\u003c/method\u003e\r\n\t\t\t\u003c/allowed-methods\u003e\r\n\t\t\t\u003callowed-headers\u003e\r\n\t\t\t\t\u003cheader\u003e*\u003c/header\u003e\r\n\t\t\t\u003c/allowed-headers\u003e\r\n\t\t\t\u003cexpose-headers\u003e\r\n\t\t\t\t\u003cheader\u003e*\u003c/header\u003e\r\n\t\t\t\u003c/expose-headers\u003e\r\n\t\t\u003c/cors\u003e\r\n\t\u003c/inbound\u003e\r\n\t\u003cbackend\u003e\r\n\t\t\u003cbase /\u003e\r\n\t\u003c/backend\u003e\r\n\t\u003coutbound\u003e\r\n\t\t\u003cbase /\u003e\r\n\t\u003c/outbound\u003e\r\n\t\u003con-error\u003e\r\n\t\t\u003cbase /\u003e\r\n\t\u003c/on-error\u003e\r\n\u003c/policies\u003e",
            "xml_link": ""
          },
          "sensitive_attributes": [],
          "private": "eyJlMmJmYjczMC1lY2FhLTExZTYtOGY4OC0zNDM2M2JjN2M0YzAiOnsiY3JlYXRlIjoxODAwMDAwMDAwMDAwLCJkZWxldGUiOjE4MDAwMDAwMDAwMDAsInJlYWQiOjMwMDAwMDAwMDAwMCwidXBkYXRlIjoxODAwMDAwMDAwMDAwfX0=",
          "dependencies": [
            "azurerm_api_management.core_apim",
            "azurerm_api_management_api.products_api",
            "azurerm_api_management_backend.products_fa",
            "azurerm_application_insights.products_service_fa",
            "azurerm_cosmosdb_account.test_app",
            "azurerm_cosmosdb_sql_container.products",
            "azurerm_cosmosdb_sql_container.stocks",
            "azurerm_cosmosdb_sql_database.products_app",
            "azurerm_resource_group.apim",
            "azurerm_resource_group.product_service_rg",
            "azurerm_resource_group.service_bus_queue_vldk",
            "azurerm_service_plan.product_service_plan",
            "azurerm_servicebus_namespace.service_bus_vldk",
            "azurerm_servicebus_namespace_authorization_rule.service-rule-vldk",
            "azurerm_storage_account.products_service_fa",
            "azurerm_storage_share.products_service_fa",
            "azurerm_windows_function_app.products_service",
            "data.azurerm_function_app_host_keys.products_keys"
          ]
        }
      ]
    },
    {
      "mode": "managed",
      "type": "azurerm_api_management_api_policy",
      "name": "import_api_policy",
      "provider": "provider[\"registry.terraform.io/hashicorp/azurerm\"]",
      "instances": [
        {
          "schema_version": 2,
          "attributes": {
            "api_management_name": "apim-product-service-vv",
            "api_name": "import-service-api-vol",
            "id": "/subscriptions/738ecd1a-cec3-4b76-9ecf-24ea9606a0fe/resourceGroups/rg-apim-sand-ne-vv/providers/Microsoft.ApiManagement/service/apim-product-service-vv/apis/import-service-api-vol",
            "resource_group_name": "rg-apim-sand-ne-vv",
            "timeouts": null,
            "xml_content": "\u003cpolicies\u003e\r\n\t\u003cinbound\u003e\r\n\t\t\u003cset-backend-service backend-id=\"import-service-backend-vol\" /\u003e\r\n\t\t\u003ccors allow-credentials=\"false\"\u003e\r\n\t\t\t\u003callowed-origins\u003e\r\n\t\t\t\t\u003corigin\u003e*\u003c/origin\u003e\r\n\t\t\t\u003c/allowed-origins\u003e\r\n\t\t\t\u003callowed-methods preflight-result-max-age=\"300\"\u003e\r\n\t\t\t\t\u003cmethod\u003e*\u003c/method\u003e\r\n\t\t\t\u003c/allowed-methods\u003e\r\n\t\t\t\u003callowed-headers\u003e\r\n\t\t\t\t\u003cheader\u003e*\u003c/header\u003e\r\n\t\t\t\u003c/allowed-headers\u003e\r\n\t\t\t\u003cexpose-headers\u003e\r\n\t\t\t\t\u003cheader\u003e*\u003c/header\u003e\r\n\t\t\t\u003c/expose-headers\u003e\r\n\t\t\u003c/cors\u003e\r\n\t\u003c/inbound\u003e\r\n\t\u003cbackend\u003e\r\n\t\t\u003cbase /\u003e\r\n\t\u003c/backend\u003e\r\n\t\u003coutbound\u003e\r\n\t\t\u003cbase /\u003e\r\n\t\u003c/outbound\u003e\r\n\t\u003con-error\u003e\r\n\t\t\u003cbase /\u003e\r\n\t\u003c/on-error\u003e\r\n\u003c/policies\u003e",
            "xml_link": null
          },
          "sensitive_attributes": [],
          "private": "eyJlMmJmYjczMC1lY2FhLTExZTYtOGY4OC0zNDM2M2JjN2M0YzAiOnsiY3JlYXRlIjoxODAwMDAwMDAwMDAwLCJkZWxldGUiOjE4MDAwMDAwMDAwMDAsInJlYWQiOjMwMDAwMDAwMDAwMCwidXBkYXRlIjoxODAwMDAwMDAwMDAwfX0=",
          "dependencies": [
            "azurerm_api_management.core_apim",
            "azurerm_api_management_api.import_api",
            "azurerm_api_management_backend.import_fa",
            "azurerm_application_insights.import_service_fa",
            "azurerm_resource_group.apim",
            "azurerm_resource_group.import_service_rg",
            "azurerm_resource_group.service_bus_queue_vldk",
            "azurerm_service_plan.import_service_plan",
            "azurerm_servicebus_namespace.service_bus_vldk",
            "azurerm_servicebus_namespace_authorization_rule.service-rule-vldk",
            "azurerm_servicebus_queue.service_bus_queue_vldk",
            "azurerm_storage_account.import_service_files",
            "azurerm_storage_container.parsed_container",
            "azurerm_storage_container.uploaded_container",
            "azurerm_storage_share.import_service_fa",
            "azurerm_windows_function_app.import_service",
            "data.azurerm_function_app_host_keys.import_keys"
          ]
        }
      ]
    },
    {
      "mode": "managed",
      "type": "azurerm_api_management_backend",
      "name": "import_fa",
      "provider": "provider[\"registry.terraform.io/hashicorp/azurerm\"]",
      "instances": [
        {
          "schema_version": 0,
          "attributes": {
            "api_management_name": "apim-product-service-vv",
            "credentials": [
              {
                "authorization": [],
                "certificate": [],
                "header": {
                  "x-functions-key": "zQTjt7AJsSCryEKem_SPAnt4UTd2lUspYczIuY2mI1mxAzFumN4-pw=="
                },
                "query": {}
              }
            ],
            "description": "Import API",
            "id": "/subscriptions/738ecd1a-cec3-4b76-9ecf-24ea9606a0fe/resourceGroups/rg-apim-sand-ne-vv/providers/Microsoft.ApiManagement/service/apim-product-service-vv/backends/import-service-backend-vol",
            "name": "import-service-backend-vol",
            "protocol": "http",
            "proxy": [],
            "resource_group_name": "rg-apim-sand-ne-vv",
            "resource_id": "",
            "service_fabric_cluster": [],
            "timeouts": null,
            "title": "",
            "tls": [],
            "url": "https://fa-import-service-ne-vol.azurewebsites.net/api"
          },
          "sensitive_attributes": [
            [
              {
                "type": "get_attr",
                "value": "credentials"
              },
              {
                "type": "index",
                "value": {
                  "value": 0,
                  "type": "number"
                }
              },
              {
                "type": "get_attr",
                "value": "header"
              },
              {
                "type": "index",
                "value": {
                  "value": "x-functions-key",
                  "type": "string"
                }
              }
            ]
          ],
          "private": "eyJlMmJmYjczMC1lY2FhLTExZTYtOGY4OC0zNDM2M2JjN2M0YzAiOnsiY3JlYXRlIjoxODAwMDAwMDAwMDAwLCJkZWxldGUiOjE4MDAwMDAwMDAwMDAsInJlYWQiOjMwMDAwMDAwMDAwMCwidXBkYXRlIjoxODAwMDAwMDAwMDAwfX0=",
          "dependencies": [
            "azurerm_api_management.core_apim",
            "azurerm_application_insights.import_service_fa",
            "azurerm_resource_group.apim",
            "azurerm_resource_group.import_service_rg",
            "azurerm_resource_group.service_bus_queue_vldk",
            "azurerm_service_plan.import_service_plan",
            "azurerm_servicebus_namespace.service_bus_vldk",
            "azurerm_servicebus_namespace_authorization_rule.service-rule-vldk",
            "azurerm_servicebus_queue.service_bus_queue_vldk",
            "azurerm_storage_account.import_service_files",
            "azurerm_storage_container.parsed_container",
            "azurerm_storage_container.uploaded_container",
            "azurerm_storage_share.import_service_fa",
            "azurerm_windows_function_app.import_service",
            "data.azurerm_function_app_host_keys.import_keys"
          ]
        }
      ]
    },
    {
      "mode": "managed",
      "type": "azurerm_api_management_backend",
      "name": "products_fa",
      "provider": "provider[\"registry.terraform.io/hashicorp/azurerm\"]",
      "instances": [
        {
          "schema_version": 0,
          "attributes": {
            "api_management_name": "apim-product-service-vv",
            "credentials": [
              {
                "authorization": [],
                "certificate": [],
                "header": {
                  "x-functions-key": "2czhWkuJdyedE6m558RvqOkhpSb6PMuzbJ3JtUFxt6meAzFu3XNRBg=="
                },
                "query": {}
              }
            ],
            "description": "Products API",
            "id": "/subscriptions/738ecd1a-cec3-4b76-9ecf-24ea9606a0fe/resourceGroups/rg-apim-sand-ne-vv/providers/Microsoft.ApiManagement/service/apim-product-service-vv/backends/products-service-backend-volodko-003",
            "name": "products-service-backend-volodko-003",
            "protocol": "http",
            "proxy": [],
            "resource_group_name": "rg-apim-sand-ne-vv",
            "resource_id": "",
            "service_fabric_cluster": [],
            "timeouts": null,
            "title": "",
            "tls": [],
            "url": "https://func-app-product-service.azurewebsites.net/api"
          },
          "sensitive_attributes": [
            [
              {
                "type": "get_attr",
                "value": "credentials"
              },
              {
                "type": "index",
                "value": {
                  "value": 0,
                  "type": "number"
                }
              },
              {
                "type": "get_attr",
                "value": "header"
              },
              {
                "type": "index",
                "value": {
                  "value": "x-functions-key",
                  "type": "string"
                }
              }
            ]
          ],
          "private": "eyJlMmJmYjczMC1lY2FhLTExZTYtOGY4OC0zNDM2M2JjN2M0YzAiOnsiY3JlYXRlIjoxODAwMDAwMDAwMDAwLCJkZWxldGUiOjE4MDAwMDAwMDAwMDAsInJlYWQiOjMwMDAwMDAwMDAwMCwidXBkYXRlIjoxODAwMDAwMDAwMDAwfX0=",
          "dependencies": [
            "azurerm_api_management.core_apim",
            "azurerm_application_insights.products_service_fa",
            "azurerm_cosmosdb_account.test_app",
            "azurerm_cosmosdb_sql_container.products",
            "azurerm_cosmosdb_sql_container.stocks",
            "azurerm_cosmosdb_sql_database.products_app",
            "azurerm_resource_group.apim",
            "azurerm_resource_group.product_service_rg",
            "azurerm_resource_group.service_bus_queue_vldk",
            "azurerm_service_plan.product_service_plan",
            "azurerm_servicebus_namespace.service_bus_vldk",
            "azurerm_servicebus_namespace_authorization_rule.service-rule-vldk",
            "azurerm_storage_account.products_service_fa",
            "azurerm_storage_share.products_service_fa",
            "azurerm_windows_function_app.products_service",
            "data.azurerm_function_app_host_keys.products_keys"
          ]
        }
      ]
    },
    {
      "mode": "managed",
      "type": "azurerm_application_insights",
      "name": "import_service_fa",
      "provider": "provider[\"registry.terraform.io/hashicorp/azurerm\"]",
      "instances": [
        {
          "schema_version": 1,
          "attributes": {
            "app_id": "8bb36975-2465-4fc1-9c79-10b96241a3cd",
            "application_type": "web",
            "connection_string": "InstrumentationKey=eafe5c8a-9457-49d9-9e99-40217234bb79;IngestionEndpoint=https://northeurope-4.in.applicationinsights.azure.com/;LiveEndpoint=https://northeurope.livediagnostics.monitor.azure.com/",
            "daily_data_cap_in_gb": 100,
            "daily_data_cap_notifications_disabled": false,
            "disable_ip_masking": false,
            "force_customer_storage_for_profiler": false,
            "id": "/subscriptions/738ecd1a-cec3-4b76-9ecf-24ea9606a0fe/resourceGroups/rg-import-service-sand-ne-vol/providers/Microsoft.Insights/components/appins-fa-import-service-sand-ne-vol",
            "instrumentation_key": "eafe5c8a-9457-49d9-9e99-40217234bb79",
            "internet_ingestion_enabled": true,
            "internet_query_enabled": true,
            "local_authentication_disabled": false,
            "location": "northeurope",
            "name": "appins-fa-import-service-sand-ne-vol",
            "resource_group_name": "rg-import-service-sand-ne-vol",
            "retention_in_days": 90,
            "sampling_percentage": 100,
            "tags": {},
            "timeouts": null,
            "workspace_id": ""
          },
          "sensitive_attributes": [],
          "private": "eyJlMmJmYjczMC1lY2FhLTExZTYtOGY4OC0zNDM2M2JjN2M0YzAiOnsiY3JlYXRlIjozNjAwMDAwMDAwMDAwLCJkZWxldGUiOjE4MDAwMDAwMDAwMDAsInJlYWQiOjMwMDAwMDAwMDAwMCwidXBkYXRlIjoxODAwMDAwMDAwMDAwfSwic2NoZW1hX3ZlcnNpb24iOiIxIn0=",
          "dependencies": [
            "azurerm_resource_group.import_service_rg"
          ]
        }
      ]
    },
    {
      "mode": "managed",
      "type": "azurerm_application_insights",
      "name": "products_service_fa",
      "provider": "provider[\"registry.terraform.io/hashicorp/azurerm\"]",
      "instances": [
        {
          "schema_version": 1,
          "attributes": {
            "app_id": "0a8fa7d8-4599-45e2-8e4e-7919db4c4e23",
            "application_type": "web",
            "connection_string": "InstrumentationKey=2dfac560-eb6b-4e89-a1b0-b1c7db3e82b6;IngestionEndpoint=https://northeurope-5.in.applicationinsights.azure.com/;LiveEndpoint=https://northeurope.livediagnostics.monitor.azure.com/",
            "daily_data_cap_in_gb": 100,
            "daily_data_cap_notifications_disabled": false,
            "disable_ip_masking": false,
            "force_customer_storage_for_profiler": false,
            "id": "/subscriptions/738ecd1a-cec3-4b76-9ecf-24ea9606a0fe/resourceGroups/rg-product-service-sand-ne-001/providers/Microsoft.Insights/components/appins-fa-products-service-sand-ne-001",
            "instrumentation_key": "2dfac560-eb6b-4e89-a1b0-b1c7db3e82b6",
            "internet_ingestion_enabled": true,
            "internet_query_enabled": true,
            "local_authentication_disabled": false,
            "location": "northeurope",
            "name": "appins-fa-products-service-sand-ne-001",
            "resource_group_name": "rg-product-service-sand-ne-001",
            "retention_in_days": 90,
            "sampling_percentage": 100,
            "tags": {},
            "timeouts": null,
            "workspace_id": ""
          },
          "sensitive_attributes": [],
          "private": "eyJlMmJmYjczMC1lY2FhLTExZTYtOGY4OC0zNDM2M2JjN2M0YzAiOnsiY3JlYXRlIjozNjAwMDAwMDAwMDAwLCJkZWxldGUiOjE4MDAwMDAwMDAwMDAsInJlYWQiOjMwMDAwMDAwMDAwMCwidXBkYXRlIjoxODAwMDAwMDAwMDAwfSwic2NoZW1hX3ZlcnNpb24iOiIxIn0=",
          "dependencies": [
            "azurerm_resource_group.product_service_rg"
          ]
        }
      ]
    },
    {
      "mode": "managed",
      "type": "azurerm_cosmosdb_account",
      "name": "test_app",
      "provider": "provider[\"registry.terraform.io/hashicorp/azurerm\"]",
      "instances": [
        {
          "schema_version": 0,
          "attributes": {
            "access_key_metadata_writes_enabled": true,
            "analytical_storage": [
              {
                "schema_type": "WellDefined"
              }
            ],
            "analytical_storage_enabled": false,
            "backup": [
              {
                "interval_in_minutes": 240,
                "retention_in_hours": 8,
                "storage_redundancy": "Geo",
                "type": "Periodic"
              }
            ],
            "capabilities": [
              {
                "name": "EnableServerless"
              }
            ],
            "capacity": [],
            "connection_strings": [
              "AccountEndpoint=https://cosmos-test-app-volodko.documents.azure.com:443/;AccountKey=c01gRMBBSs3d7DeLIyAG7SWHN9imvrMnvCaVzaX0O6rnwakLgYHgkaJdy8ILUEX2fD1xt4TZ6BX3ACDbXOwxpQ==;",
              "AccountEndpoint=https://cosmos-test-app-volodko.documents.azure.com:443/;AccountKey=Nm1YkXvaotlOhvk12myaSyy9MND5zPC2EqlynpuW6e8O0k4cySAMxA0sY5lsSlOUn7aGVdaquw8RACDbONANig==;",
              "AccountEndpoint=https://cosmos-test-app-volodko.documents.azure.com:443/;AccountKey=ezag0n93Llave3OlbWRxbQqWMQeP1Bg681y5HmbDt38bOiGNEr1mcKsqJrUbWkmcqRxqtfYBddl6ACDbnbDlsg==;",
              "AccountEndpoint=https://cosmos-test-app-volodko.documents.azure.com:443/;AccountKey=TAH06bjsze3j4CjNlStO6gSHd0NZRu9TNO5AlwdeazLHQ2nc8XTHRrg1M3fZG6AYSpollv1CJPFZACDbG47q4g==;"
            ],
            "consistency_policy": [
              {
                "consistency_level": "Eventual",
                "max_interval_in_seconds": 5,
                "max_staleness_prefix": 100
              }
            ],
            "cors_rule": [],
            "create_mode": "",
            "default_identity_type": "FirstPartyIdentity",
            "enable_automatic_failover": false,
            "enable_free_tier": false,
            "enable_multiple_write_locations": false,
            "endpoint": "https://cosmos-test-app-volodko.documents.azure.com:443/",
            "geo_location": [
              {
                "failover_priority": 0,
                "id": "cosmos-test-app-volodko-northeurope",
                "location": "northeurope",
                "zone_redundant": false
              }
            ],
            "id": "/subscriptions/738ecd1a-cec3-4b76-9ecf-24ea9606a0fe/resourceGroups/rg-product-service-sand-ne-001/providers/Microsoft.DocumentDB/databaseAccounts/cosmos-test-app-volodko",
            "identity": [],
            "ip_range_filter": "",
            "is_virtual_network_filter_enabled": false,
            "key_vault_key_id": null,
            "kind": "GlobalDocumentDB",
            "local_authentication_disabled": false,
            "location": "northeurope",
            "mongo_server_version": null,
            "name": "cosmos-test-app-volodko",
            "network_acl_bypass_for_azure_services": false,
            "network_acl_bypass_ids": null,
            "offer_type": "Standard",
            "primary_key": "c01gRMBBSs3d7DeLIyAG7SWHN9imvrMnvCaVzaX0O6rnwakLgYHgkaJdy8ILUEX2fD1xt4TZ6BX3ACDbXOwxpQ==",
            "primary_mongodb_connection_string": null,
            "primary_readonly_key": "ezag0n93Llave3OlbWRxbQqWMQeP1Bg681y5HmbDt38bOiGNEr1mcKsqJrUbWkmcqRxqtfYBddl6ACDbnbDlsg==",
            "primary_readonly_mongodb_connection_string": null,
            "primary_readonly_sql_connection_string": "AccountEndpoint=https://cosmos-test-app-volodko.documents.azure.com:443/;AccountKey=ezag0n93Llave3OlbWRxbQqWMQeP1Bg681y5HmbDt38bOiGNEr1mcKsqJrUbWkmcqRxqtfYBddl6ACDbnbDlsg==;",
            "primary_sql_connection_string": "AccountEndpoint=https://cosmos-test-app-volodko.documents.azure.com:443/;AccountKey=c01gRMBBSs3d7DeLIyAG7SWHN9imvrMnvCaVzaX0O6rnwakLgYHgkaJdy8ILUEX2fD1xt4TZ6BX3ACDbXOwxpQ==;",
            "public_network_access_enabled": true,
            "read_endpoints": [
              "https://cosmos-test-app-volodko-northeurope.documents.azure.com:443/"
            ],
            "resource_group_name": "rg-product-service-sand-ne-001",
            "restore": [],
            "secondary_key": "Nm1YkXvaotlOhvk12myaSyy9MND5zPC2EqlynpuW6e8O0k4cySAMxA0sY5lsSlOUn7aGVdaquw8RACDbONANig==",
            "secondary_mongodb_connection_string": null,
            "secondary_readonly_key": "TAH06bjsze3j4CjNlStO6gSHd0NZRu9TNO5AlwdeazLHQ2nc8XTHRrg1M3fZG6AYSpollv1CJPFZACDbG47q4g==",
            "secondary_readonly_mongodb_connection_string": null,
            "secondary_readonly_sql_connection_string": "AccountEndpoint=https://cosmos-test-app-volodko.documents.azure.com:443/;AccountKey=TAH06bjsze3j4CjNlStO6gSHd0NZRu9TNO5AlwdeazLHQ2nc8XTHRrg1M3fZG6AYSpollv1CJPFZACDbG47q4g==;",
            "secondary_sql_connection_string": "AccountEndpoint=https://cosmos-test-app-volodko.documents.azure.com:443/;AccountKey=Nm1YkXvaotlOhvk12myaSyy9MND5zPC2EqlynpuW6e8O0k4cySAMxA0sY5lsSlOUn7aGVdaquw8RACDbONANig==;",
            "tags": null,
            "timeouts": null,
            "virtual_network_rule": [],
            "write_endpoints": [
              "https://cosmos-test-app-volodko-northeurope.documents.azure.com:443/"
            ]
          },
          "sensitive_attributes": [],
          "private": "eyJlMmJmYjczMC1lY2FhLTExZTYtOGY4OC0zNDM2M2JjN2M0YzAiOnsiY3JlYXRlIjoxMDgwMDAwMDAwMDAwMCwiZGVsZXRlIjoxMDgwMDAwMDAwMDAwMCwicmVhZCI6MzAwMDAwMDAwMDAwLCJ1cGRhdGUiOjEwODAwMDAwMDAwMDAwfX0=",
          "dependencies": [
            "azurerm_resource_group.product_service_rg"
          ]
        }
      ]
    },
    {
      "mode": "managed",
      "type": "azurerm_cosmosdb_sql_container",
      "name": "products",
      "provider": "provider[\"registry.terraform.io/hashicorp/azurerm\"]",
      "instances": [
        {
          "schema_version": 1,
          "attributes": {
            "account_name": "cosmos-test-app-volodko",
            "analytical_storage_ttl": null,
            "autoscale_settings": [],
            "conflict_resolution_policy": [
              {
                "conflict_resolution_path": "/_ts",
                "conflict_resolution_procedure": "",
                "mode": "LastWriterWins"
              }
            ],
            "database_name": "products-db",
            "default_ttl": -1,
            "id": "/subscriptions/738ecd1a-cec3-4b76-9ecf-24ea9606a0fe/resourceGroups/rg-product-service-sand-ne-001/providers/Microsoft.DocumentDB/databaseAccounts/cosmos-test-app-volodko/sqlDatabases/products-db/containers/products",
            "indexing_policy": [
              {
                "composite_index": [],
                "excluded_path": [
                  {
                    "path": "/*"
                  }
                ],
                "included_path": [],
                "indexing_mode": "consistent",
                "spatial_index": []
              }
            ],
            "name": "products",
            "partition_key_path": "/id",
            "partition_key_version": null,
            "resource_group_name": "rg-product-service-sand-ne-001",
            "throughput": null,
            "timeouts": null,
            "unique_key": []
          },
          "sensitive_attributes": [],
          "private": "eyJlMmJmYjczMC1lY2FhLTExZTYtOGY4OC0zNDM2M2JjN2M0YzAiOnsiY3JlYXRlIjoxODAwMDAwMDAwMDAwLCJkZWxldGUiOjE4MDAwMDAwMDAwMDAsInJlYWQiOjMwMDAwMDAwMDAwMCwidXBkYXRlIjoxODAwMDAwMDAwMDAwfSwic2NoZW1hX3ZlcnNpb24iOiIxIn0=",
          "dependencies": [
            "azurerm_cosmosdb_account.test_app",
            "azurerm_cosmosdb_sql_database.products_app",
            "azurerm_resource_group.product_service_rg"
          ]
        }
      ]
    },
    {
      "mode": "managed",
      "type": "azurerm_cosmosdb_sql_container",
      "name": "stocks",
      "provider": "provider[\"registry.terraform.io/hashicorp/azurerm\"]",
      "instances": [
        {
          "schema_version": 1,
          "attributes": {
            "account_name": "cosmos-test-app-volodko",
            "analytical_storage_ttl": null,
            "autoscale_settings": [],
            "conflict_resolution_policy": [
              {
                "conflict_resolution_path": "/_ts",
                "conflict_resolution_procedure": "",
                "mode": "LastWriterWins"
              }
            ],
            "database_name": "products-db",
            "default_ttl": -1,
            "id": "/subscriptions/738ecd1a-cec3-4b76-9ecf-24ea9606a0fe/resourceGroups/rg-product-service-sand-ne-001/providers/Microsoft.DocumentDB/databaseAccounts/cosmos-test-app-volodko/sqlDatabases/products-db/containers/stocks",
            "indexing_policy": [
              {
                "composite_index": [],
                "excluded_path": [
                  {
                    "path": "/*"
                  }
                ],
                "included_path": [
                  {
                    "path": "/product_id/?"
                  }
                ],
                "indexing_mode": "consistent",
                "spatial_index": []
              }
            ],
            "name": "stocks",
            "partition_key_path": "/product_id",
            "partition_key_version": null,
            "resource_group_name": "rg-product-service-sand-ne-001",
            "throughput": null,
            "timeouts": null,
            "unique_key": []
          },
          "sensitive_attributes": [],
          "private": "eyJlMmJmYjczMC1lY2FhLTExZTYtOGY4OC0zNDM2M2JjN2M0YzAiOnsiY3JlYXRlIjoxODAwMDAwMDAwMDAwLCJkZWxldGUiOjE4MDAwMDAwMDAwMDAsInJlYWQiOjMwMDAwMDAwMDAwMCwidXBkYXRlIjoxODAwMDAwMDAwMDAwfSwic2NoZW1hX3ZlcnNpb24iOiIxIn0=",
          "dependencies": [
            "azurerm_cosmosdb_account.test_app",
            "azurerm_cosmosdb_sql_database.products_app",
            "azurerm_resource_group.product_service_rg"
          ]
        }
      ]
    },
    {
      "mode": "managed",
      "type": "azurerm_cosmosdb_sql_database",
      "name": "products_app",
      "provider": "provider[\"registry.terraform.io/hashicorp/azurerm\"]",
      "instances": [
        {
          "schema_version": 1,
          "attributes": {
            "account_name": "cosmos-test-app-volodko",
            "autoscale_settings": [],
            "id": "/subscriptions/738ecd1a-cec3-4b76-9ecf-24ea9606a0fe/resourceGroups/rg-product-service-sand-ne-001/providers/Microsoft.DocumentDB/databaseAccounts/cosmos-test-app-volodko/sqlDatabases/products-db",
            "name": "products-db",
            "resource_group_name": "rg-product-service-sand-ne-001",
            "throughput": null,
            "timeouts": null
          },
          "sensitive_attributes": [],
          "private": "eyJlMmJmYjczMC1lY2FhLTExZTYtOGY4OC0zNDM2M2JjN2M0YzAiOnsiY3JlYXRlIjoxODAwMDAwMDAwMDAwLCJkZWxldGUiOjE4MDAwMDAwMDAwMDAsInJlYWQiOjMwMDAwMDAwMDAwMCwidXBkYXRlIjoxODAwMDAwMDAwMDAwfSwic2NoZW1hX3ZlcnNpb24iOiIxIn0=",
          "dependencies": [
            "azurerm_cosmosdb_account.test_app",
            "azurerm_resource_group.product_service_rg"
          ]
        }
      ]
    },
    {
      "mode": "managed",
      "type": "azurerm_resource_group",
      "name": "apim",
      "provider": "provider[\"registry.terraform.io/hashicorp/azurerm\"]",
      "instances": [
        {
          "schema_version": 0,
          "attributes": {
            "id": "/subscriptions/738ecd1a-cec3-4b76-9ecf-24ea9606a0fe/resourceGroups/rg-apim-sand-ne-vv",
            "location": "northeurope",
            "managed_by": "",
            "name": "rg-apim-sand-ne-vv",
            "tags": {},
            "timeouts": null
          },
          "sensitive_attributes": [],
          "private": "eyJlMmJmYjczMC1lY2FhLTExZTYtOGY4OC0zNDM2M2JjN2M0YzAiOnsiY3JlYXRlIjo1NDAwMDAwMDAwMDAwLCJkZWxldGUiOjU0MDAwMDAwMDAwMDAsInJlYWQiOjMwMDAwMDAwMDAwMCwidXBkYXRlIjo1NDAwMDAwMDAwMDAwfX0="
        }
      ]
    },
    {
      "mode": "managed",
      "type": "azurerm_resource_group",
      "name": "import_service_rg",
      "provider": "provider[\"registry.terraform.io/hashicorp/azurerm\"]",
      "instances": [
        {
          "schema_version": 0,
          "attributes": {
            "id": "/subscriptions/738ecd1a-cec3-4b76-9ecf-24ea9606a0fe/resourceGroups/rg-import-service-sand-ne-vol",
            "location": "northeurope",
            "managed_by": "",
            "name": "rg-import-service-sand-ne-vol",
            "tags": {},
            "timeouts": null
          },
          "sensitive_attributes": [],
          "private": "eyJlMmJmYjczMC1lY2FhLTExZTYtOGY4OC0zNDM2M2JjN2M0YzAiOnsiY3JlYXRlIjo1NDAwMDAwMDAwMDAwLCJkZWxldGUiOjU0MDAwMDAwMDAwMDAsInJlYWQiOjMwMDAwMDAwMDAwMCwidXBkYXRlIjo1NDAwMDAwMDAwMDAwfX0="
        }
      ]
    },
    {
      "mode": "managed",
      "type": "azurerm_resource_group",
      "name": "product_service_rg",
      "provider": "provider[\"registry.terraform.io/hashicorp/azurerm\"]",
      "instances": [
        {
          "schema_version": 0,
          "attributes": {
            "id": "/subscriptions/738ecd1a-cec3-4b76-9ecf-24ea9606a0fe/resourceGroups/rg-product-service-sand-ne-001",
            "location": "northeurope",
            "managed_by": "",
            "name": "rg-product-service-sand-ne-001",
            "tags": {},
            "timeouts": null
          },
          "sensitive_attributes": [],
          "private": "eyJlMmJmYjczMC1lY2FhLTExZTYtOGY4OC0zNDM2M2JjN2M0YzAiOnsiY3JlYXRlIjo1NDAwMDAwMDAwMDAwLCJkZWxldGUiOjU0MDAwMDAwMDAwMDAsInJlYWQiOjMwMDAwMDAwMDAwMCwidXBkYXRlIjo1NDAwMDAwMDAwMDAwfX0="
        }
      ]
    },
    {
      "mode": "managed",
      "type": "azurerm_resource_group",
      "name": "service_bus_queue_vldk",
      "provider": "provider[\"registry.terraform.io/hashicorp/azurerm\"]",
      "instances": [
        {
          "schema_version": 0,
          "attributes": {
            "id": "/subscriptions/738ecd1a-cec3-4b76-9ecf-24ea9606a0fe/resourceGroups/service_bus_queue_vldk",
            "location": "northeurope",
            "managed_by": "",
            "name": "service_bus_queue_vldk",
            "tags": {},
            "timeouts": null
          },
          "sensitive_attributes": [],
          "private": "eyJlMmJmYjczMC1lY2FhLTExZTYtOGY4OC0zNDM2M2JjN2M0YzAiOnsiY3JlYXRlIjo1NDAwMDAwMDAwMDAwLCJkZWxldGUiOjU0MDAwMDAwMDAwMDAsInJlYWQiOjMwMDAwMDAwMDAwMCwidXBkYXRlIjo1NDAwMDAwMDAwMDAwfX0="
        }
      ]
    },
    {
      "mode": "managed",
      "type": "azurerm_service_plan",
      "name": "import_service_plan",
      "provider": "provider[\"registry.terraform.io/hashicorp/azurerm\"]",
      "instances": [
        {
          "schema_version": 1,
          "attributes": {
            "app_service_environment_id": "",
            "id": "/subscriptions/738ecd1a-cec3-4b76-9ecf-24ea9606a0fe/resourceGroups/rg-import-service-sand-ne-vol/providers/Microsoft.Web/serverFarms/asp-import-service-sand-ne-py-vol",
            "kind": "functionapp",
            "location": "northeurope",
            "maximum_elastic_worker_count": 1,
            "name": "asp-import-service-sand-ne-py-vol",
            "os_type": "Windows",
            "per_site_scaling_enabled": false,
            "reserved": false,
            "resource_group_name": "rg-import-service-sand-ne-vol",
            "sku_name": "Y1",
            "tags": {},
            "timeouts": null,
            "worker_count": 0,
            "zone_balancing_enabled": false
          },
          "sensitive_attributes": [],
          "private": "eyJlMmJmYjczMC1lY2FhLTExZTYtOGY4OC0zNDM2M2JjN2M0YzAiOnsiY3JlYXRlIjozNjAwMDAwMDAwMDAwLCJkZWxldGUiOjM2MDAwMDAwMDAwMDAsInJlYWQiOjMwMDAwMDAwMDAwMCwidXBkYXRlIjozNjAwMDAwMDAwMDAwfSwic2NoZW1hX3ZlcnNpb24iOiIxIn0=",
          "dependencies": [
            "azurerm_resource_group.import_service_rg"
          ]
        }
      ]
    },
    {
      "mode": "managed",
      "type": "azurerm_service_plan",
      "name": "product_service_plan",
      "provider": "provider[\"registry.terraform.io/hashicorp/azurerm\"]",
      "instances": [
        {
          "schema_version": 1,
          "attributes": {
            "app_service_environment_id": "",
            "id": "/subscriptions/738ecd1a-cec3-4b76-9ecf-24ea9606a0fe/resourceGroups/rg-product-service-sand-ne-001/providers/Microsoft.Web/serverFarms/asp-product-service-sand-ne-001",
            "kind": "functionapp",
            "location": "northeurope",
            "maximum_elastic_worker_count": 1,
            "name": "asp-product-service-sand-ne-001",
            "os_type": "Windows",
            "per_site_scaling_enabled": false,
            "reserved": false,
            "resource_group_name": "rg-product-service-sand-ne-001",
            "sku_name": "Y1",
            "tags": null,
            "timeouts": null,
            "worker_count": 0,
            "zone_balancing_enabled": false
          },
          "sensitive_attributes": [],
          "private": "eyJlMmJmYjczMC1lY2FhLTExZTYtOGY4OC0zNDM2M2JjN2M0YzAiOnsiY3JlYXRlIjozNjAwMDAwMDAwMDAwLCJkZWxldGUiOjM2MDAwMDAwMDAwMDAsInJlYWQiOjMwMDAwMDAwMDAwMCwidXBkYXRlIjozNjAwMDAwMDAwMDAwfSwic2NoZW1hX3ZlcnNpb24iOiIxIn0=",
          "dependencies": [
            "azurerm_resource_group.product_service_rg"
          ]
        }
      ]
    },
    {
      "mode": "managed",
      "type": "azurerm_servicebus_namespace",
      "name": "service_bus_vldk",
      "provider": "provider[\"registry.terraform.io/hashicorp/azurerm\"]",
      "instances": [
        {
          "schema_version": 1,
          "attributes": {
            "capacity": 0,
            "customer_managed_key": [],
            "default_primary_connection_string": "Endpoint=sb://servicebus-vldk.servicebus.windows.net/;SharedAccessKeyName=RootManageSharedAccessKey;SharedAccessKey=XCV1QZaNFiSksvapPmwjlYQwF19K1m6Dc+ASbA5NYUw=",
            "default_primary_key": "XCV1QZaNFiSksvapPmwjlYQwF19K1m6Dc+ASbA5NYUw=",
            "default_secondary_connection_string": "Endpoint=sb://servicebus-vldk.servicebus.windows.net/;SharedAccessKeyName=RootManageSharedAccessKey;SharedAccessKey=sdLWEiF3TrzDowyOTrZv4vPC9GTklnblS+ASbAmgOyc=",
            "default_secondary_key": "sdLWEiF3TrzDowyOTrZv4vPC9GTklnblS+ASbAmgOyc=",
            "endpoint": "https://servicebus-vldk.servicebus.windows.net",
            "id": "/subscriptions/738ecd1a-cec3-4b76-9ecf-24ea9606a0fe/resourceGroups/service_bus_queue_vldk/providers/Microsoft.ServiceBus/namespaces/servicebus-vldk",
            "identity": [],
            "local_auth_enabled": true,
            "location": "northeurope",
            "minimum_tls_version": "1.2",
            "name": "servicebus-vldk",
            "network_rule_set": [
              {
                "default_action": "Allow",
                "ip_rules": [],
                "network_rules": [],
                "public_network_access_enabled": true,
                "trusted_services_allowed": false
              }
            ],
            "public_network_access_enabled": true,
            "resource_group_name": "service_bus_queue_vldk",
            "sku": "Basic",
            "tags": {},
            "timeouts": null,
            "zone_redundant": false
          },
          "sensitive_attributes": [],
          "private": "eyJlMmJmYjczMC1lY2FhLTExZTYtOGY4OC0zNDM2M2JjN2M0YzAiOnsiY3JlYXRlIjoxODAwMDAwMDAwMDAwLCJkZWxldGUiOjE4MDAwMDAwMDAwMDAsInJlYWQiOjMwMDAwMDAwMDAwMCwidXBkYXRlIjoxODAwMDAwMDAwMDAwfSwic2NoZW1hX3ZlcnNpb24iOiIxIn0=",
          "dependencies": [
            "azurerm_resource_group.service_bus_queue_vldk"
          ]
        }
      ]
    },
    {
      "mode": "managed",
      "type": "azurerm_servicebus_namespace_authorization_rule",
      "name": "service-rule-vldk",
      "provider": "provider[\"registry.terraform.io/hashicorp/azurerm\"]",
      "instances": [
        {
          "schema_version": 1,
          "attributes": {
            "id": "/subscriptions/738ecd1a-cec3-4b76-9ecf-24ea9606a0fe/resourceGroups/service_bus_queue_vldk/providers/Microsoft.ServiceBus/namespaces/servicebus-vldk/authorizationRules/service-rule-vldk",
            "listen": true,
            "manage": false,
            "name": "service-rule-vldk",
            "namespace_id": "/subscriptions/738ecd1a-cec3-4b76-9ecf-24ea9606a0fe/resourceGroups/service_bus_queue_vldk/providers/Microsoft.ServiceBus/namespaces/servicebus-vldk",
            "primary_connection_string": "Endpoint=sb://servicebus-vldk.servicebus.windows.net/;SharedAccessKeyName=service-rule-vldk;SharedAccessKey=mJILxT0f87llt8CSCoQDef6P9u1iyX70l+ASbKBPifo=",
            "primary_connection_string_alias": "",
            "primary_key": "mJILxT0f87llt8CSCoQDef6P9u1iyX70l+ASbKBPifo=",
            "secondary_connection_string": "Endpoint=sb://servicebus-vldk.servicebus.windows.net/;SharedAccessKeyName=service-rule-vldk;SharedAccessKey=lhmz9AIxPYKB1iqXNbX8ewScumORtidXD+ASbNwPaZk=",
            "secondary_connection_string_alias": "",
            "secondary_key": "lhmz9AIxPYKB1iqXNbX8ewScumORtidXD+ASbNwPaZk=",
            "send": true,
            "timeouts": null
          },
          "sensitive_attributes": [],
          "private": "eyJlMmJmYjczMC1lY2FhLTExZTYtOGY4OC0zNDM2M2JjN2M0YzAiOnsiY3JlYXRlIjoxODAwMDAwMDAwMDAwLCJkZWxldGUiOjE4MDAwMDAwMDAwMDAsInJlYWQiOjMwMDAwMDAwMDAwMCwidXBkYXRlIjoxODAwMDAwMDAwMDAwfSwic2NoZW1hX3ZlcnNpb24iOiIxIn0=",
          "dependencies": [
            "azurerm_resource_group.service_bus_queue_vldk",
            "azurerm_servicebus_namespace.service_bus_vldk"
          ]
        }
      ]
    },
    {
      "mode": "managed",
      "type": "azurerm_servicebus_queue",
      "name": "service_bus_queue_vldk",
      "provider": "provider[\"registry.terraform.io/hashicorp/azurerm\"]",
      "instances": [
        {
          "schema_version": 0,
          "attributes": {
            "auto_delete_on_idle": "P10675199DT2H48M5.4775807S",
            "dead_lettering_on_message_expiration": false,
            "default_message_ttl": "P14D",
            "duplicate_detection_history_time_window": "PT10M",
            "enable_batched_operations": true,
            "enable_express": false,
            "enable_partitioning": false,
            "forward_dead_lettered_messages_to": "",
            "forward_to": "",
            "id": "/subscriptions/738ecd1a-cec3-4b76-9ecf-24ea9606a0fe/resourceGroups/service_bus_queue_vldk/providers/Microsoft.ServiceBus/namespaces/servicebus-vldk/queues/servicebus-queue-vldk",
            "lock_duration": "PT1M",
            "max_delivery_count": 10,
            "max_message_size_in_kilobytes": 256,
            "max_size_in_megabytes": 5120,
            "name": "servicebus-queue-vldk",
            "namespace_id": "/subscriptions/738ecd1a-cec3-4b76-9ecf-24ea9606a0fe/resourceGroups/service_bus_queue_vldk/providers/Microsoft.ServiceBus/namespaces/servicebus-vldk",
            "requires_duplicate_detection": false,
            "requires_session": false,
            "status": "Active",
            "timeouts": null
          },
          "sensitive_attributes": [],
          "private": "eyJlMmJmYjczMC1lY2FhLTExZTYtOGY4OC0zNDM2M2JjN2M0YzAiOnsiY3JlYXRlIjoxODAwMDAwMDAwMDAwLCJkZWxldGUiOjE4MDAwMDAwMDAwMDAsInJlYWQiOjMwMDAwMDAwMDAwMCwidXBkYXRlIjoxODAwMDAwMDAwMDAwfX0=",
          "dependencies": [
            "azurerm_resource_group.service_bus_queue_vldk",
            "azurerm_servicebus_namespace.service_bus_vldk"
          ]
        }
      ]
    },
    {
      "mode": "managed",
      "type": "azurerm_storage_account",
      "name": "import_service_files",
      "provider": "provider[\"registry.terraform.io/hashicorp/azurerm\"]",
      "instances": [
        {
          "schema_version": 4,
          "attributes": {
            "access_tier": "Hot",
            "account_kind": "StorageV2",
            "account_replication_type": "LRS",
            "account_tier": "Standard",
            "allow_nested_items_to_be_public": true,
            "allowed_copy_scope": "",
            "azure_files_authentication": [],
            "blob_properties": [
              {
                "change_feed_enabled": false,
                "change_feed_retention_in_days": 0,
                "container_delete_retention_policy": [],
                "cors_rule": [
                  {
                    "allowed_headers": [
                      "*"
                    ],
                    "allowed_methods": [
                      "PUT",
                      "GET"
                    ],
                    "allowed_origins": [
                      "*"
                    ],
                    "exposed_headers": [
                      "*"
                    ],
                    "max_age_in_seconds": 0
                  }
                ],
                "default_service_version": "",
                "delete_retention_policy": [],
                "last_access_time_enabled": false,
                "restore_policy": [],
                "versioning_enabled": false
              }
            ],
            "cross_tenant_replication_enabled": true,
            "custom_domain": [],
            "customer_managed_key": [],
            "default_to_oauth_authentication": false,
            "edge_zone": "",
            "enable_https_traffic_only": true,
            "id": "/subscriptions/738ecd1a-cec3-4b76-9ecf-24ea9606a0fe/resourceGroups/rg-import-service-sand-ne-vol/providers/Microsoft.Storage/storageAccounts/volodkoimportfiles001",
            "identity": [],
            "immutability_policy": [],
            "infrastructure_encryption_enabled": false,
            "is_hns_enabled": false,
            "large_file_share_enabled": null,
            "location": "northeurope",
            "min_tls_version": "TLS1_2",
            "name": "volodkoimportfiles001",
            "network_rules": [
              {
                "bypass": [
                  "AzureServices"
                ],
                "default_action": "Allow",
                "ip_rules": [],
                "private_link_access": [],
                "virtual_network_subnet_ids": []
              }
            ],
            "nfsv3_enabled": false,
            "primary_access_key": "PaYtHV+r6LJjy7orpzAm8pDJbJ/YsheR4E6oZR8CPiteb4skPCpF8b9vsaWVSGYnUtF8mqCdW4uO+AStKpf6GA==",
            "primary_blob_connection_string": "DefaultEndpointsProtocol=https;BlobEndpoint=https://volodkoimportfiles001.blob.core.windows.net/;AccountName=volodkoimportfiles001;AccountKey=PaYtHV+r6LJjy7orpzAm8pDJbJ/YsheR4E6oZR8CPiteb4skPCpF8b9vsaWVSGYnUtF8mqCdW4uO+AStKpf6GA==",
            "primary_blob_endpoint": "https://volodkoimportfiles001.blob.core.windows.net/",
            "primary_blob_host": "volodkoimportfiles001.blob.core.windows.net",
            "primary_blob_internet_endpoint": null,
            "primary_blob_internet_host": null,
            "primary_blob_microsoft_endpoint": null,
            "primary_blob_microsoft_host": null,
            "primary_connection_string": "DefaultEndpointsProtocol=https;AccountName=volodkoimportfiles001;AccountKey=PaYtHV+r6LJjy7orpzAm8pDJbJ/YsheR4E6oZR8CPiteb4skPCpF8b9vsaWVSGYnUtF8mqCdW4uO+AStKpf6GA==;EndpointSuffix=core.windows.net",
            "primary_dfs_endpoint": "https://volodkoimportfiles001.dfs.core.windows.net/",
            "primary_dfs_host": "volodkoimportfiles001.dfs.core.windows.net",
            "primary_dfs_internet_endpoint": null,
            "primary_dfs_internet_host": null,
            "primary_dfs_microsoft_endpoint": null,
            "primary_dfs_microsoft_host": null,
            "primary_file_endpoint": "https://volodkoimportfiles001.file.core.windows.net/",
            "primary_file_host": "volodkoimportfiles001.file.core.windows.net",
            "primary_file_internet_endpoint": null,
            "primary_file_internet_host": null,
            "primary_file_microsoft_endpoint": null,
            "primary_file_microsoft_host": null,
            "primary_location": "northeurope",
            "primary_queue_endpoint": "https://volodkoimportfiles001.queue.core.windows.net/",
            "primary_queue_host": "volodkoimportfiles001.queue.core.windows.net",
            "primary_queue_microsoft_endpoint": null,
            "primary_queue_microsoft_host": null,
            "primary_table_endpoint": "https://volodkoimportfiles001.table.core.windows.net/",
            "primary_table_host": "volodkoimportfiles001.table.core.windows.net",
            "primary_table_microsoft_endpoint": null,
            "primary_table_microsoft_host": null,
            "primary_web_endpoint": "https://volodkoimportfiles001.z16.web.core.windows.net/",
            "primary_web_host": "volodkoimportfiles001.z16.web.core.windows.net",
            "primary_web_internet_endpoint": null,
            "primary_web_internet_host": null,
            "primary_web_microsoft_endpoint": null,
            "primary_web_microsoft_host": null,
            "public_network_access_enabled": true,
            "queue_encryption_key_type": "Service",
            "queue_properties": [
              {
                "cors_rule": [],
                "hour_metrics": [
                  {
                    "enabled": true,
                    "include_apis": true,
                    "retention_policy_days": 7,
                    "version": "1.0"
                  }
                ],
                "logging": [
                  {
                    "delete": false,
                    "read": false,
                    "retention_policy_days": 0,
                    "version": "1.0",
                    "write": false
                  }
                ],
                "minute_metrics": [
                  {
                    "enabled": false,
                    "include_apis": false,
                    "retention_policy_days": 0,
                    "version": "1.0"
                  }
                ]
              }
            ],
            "resource_group_name": "rg-import-service-sand-ne-vol",
            "routing": [],
            "sas_policy": [],
            "secondary_access_key": "4L7t6zsBygtFfGCGRC6iutDpoeTOwZl1OPR6aV+l4tNuH1UKsf9IlDeUEoYsjtjqUgzRTlKUqLh7+AStQDQmPQ==",
            "secondary_blob_connection_string": "",
            "secondary_blob_endpoint": null,
            "secondary_blob_host": null,
            "secondary_blob_internet_endpoint": null,
            "secondary_blob_internet_host": null,
            "secondary_blob_microsoft_endpoint": null,
            "secondary_blob_microsoft_host": null,
            "secondary_connection_string": "DefaultEndpointsProtocol=https;AccountName=volodkoimportfiles001;AccountKey=4L7t6zsBygtFfGCGRC6iutDpoeTOwZl1OPR6aV+l4tNuH1UKsf9IlDeUEoYsjtjqUgzRTlKUqLh7+AStQDQmPQ==;EndpointSuffix=core.windows.net",
            "secondary_dfs_endpoint": null,
            "secondary_dfs_host": null,
            "secondary_dfs_internet_endpoint": null,
            "secondary_dfs_internet_host": null,
            "secondary_dfs_microsoft_endpoint": null,
            "secondary_dfs_microsoft_host": null,
            "secondary_file_endpoint": null,
            "secondary_file_host": null,
            "secondary_file_internet_endpoint": null,
            "secondary_file_internet_host": null,
            "secondary_file_microsoft_endpoint": null,
            "secondary_file_microsoft_host": null,
            "secondary_location": "",
            "secondary_queue_endpoint": null,
            "secondary_queue_host": null,
            "secondary_queue_microsoft_endpoint": null,
            "secondary_queue_microsoft_host": null,
            "secondary_table_endpoint": null,
            "secondary_table_host": null,
            "secondary_table_microsoft_endpoint": null,
            "secondary_table_microsoft_host": null,
            "secondary_web_endpoint": null,
            "secondary_web_host": null,
            "secondary_web_internet_endpoint": null,
            "secondary_web_internet_host": null,
            "secondary_web_microsoft_endpoint": null,
            "secondary_web_microsoft_host": null,
            "sftp_enabled": false,
            "share_properties": [
              {
                "cors_rule": [],
                "retention_policy": [
                  {
                    "days": 7
                  }
                ],
                "smb": []
              }
            ],
            "shared_access_key_enabled": true,
            "static_website": [],
            "table_encryption_key_type": "Service",
            "tags": {},
            "timeouts": null
          },
          "sensitive_attributes": [],
          "private": "eyJlMmJmYjczMC1lY2FhLTExZTYtOGY4OC0zNDM2M2JjN2M0YzAiOnsiY3JlYXRlIjozNjAwMDAwMDAwMDAwLCJkZWxldGUiOjM2MDAwMDAwMDAwMDAsInJlYWQiOjMwMDAwMDAwMDAwMCwidXBkYXRlIjozNjAwMDAwMDAwMDAwfSwic2NoZW1hX3ZlcnNpb24iOiI0In0=",
          "dependencies": [
            "azurerm_resource_group.import_service_rg"
          ]
        }
      ]
    },
    {
      "mode": "managed",
      "type": "azurerm_storage_account",
      "name": "products_service_fa",
      "provider": "provider[\"registry.terraform.io/hashicorp/azurerm\"]",
      "instances": [
        {
          "schema_version": 4,
          "attributes": {
            "access_tier": "Hot",
            "account_kind": "StorageV2",
            "account_replication_type": "LRS",
            "account_tier": "Standard",
            "allow_nested_items_to_be_public": true,
            "allowed_copy_scope": "",
            "azure_files_authentication": [],
            "blob_properties": [
              {
                "change_feed_enabled": false,
                "change_feed_retention_in_days": 0,
                "container_delete_retention_policy": [],
                "cors_rule": [],
                "default_service_version": "",
                "delete_retention_policy": [],
                "last_access_time_enabled": false,
                "restore_policy": [],
                "versioning_enabled": false
              }
            ],
            "cross_tenant_replication_enabled": true,
            "custom_domain": [],
            "customer_managed_key": [],
            "default_to_oauth_authentication": false,
            "edge_zone": "",
            "enable_https_traffic_only": true,
            "id": "/subscriptions/738ecd1a-cec3-4b76-9ecf-24ea9606a0fe/resourceGroups/rg-product-service-sand-ne-001/providers/Microsoft.Storage/storageAccounts/stgaccountproductservice",
            "identity": [],
            "immutability_policy": [],
            "infrastructure_encryption_enabled": false,
            "is_hns_enabled": false,
            "large_file_share_enabled": null,
            "location": "northeurope",
            "min_tls_version": "TLS1_2",
            "name": "stgaccountproductservice",
            "network_rules": [
              {
                "bypass": [
                  "AzureServices"
                ],
                "default_action": "Allow",
                "ip_rules": [],
                "private_link_access": [],
                "virtual_network_subnet_ids": []
              }
            ],
            "nfsv3_enabled": false,
            "primary_access_key": "iI0p/ZhCOryPkR51Oy2IFAIj5Ni71Ib5oYjnfqsz4BGRz4P8QRx+9LnsA9pEbTUZdM3rEBDGuth1+AStskAQxQ==",
            "primary_blob_connection_string": "DefaultEndpointsProtocol=https;BlobEndpoint=https://stgaccountproductservice.blob.core.windows.net/;AccountName=stgaccountproductservice;AccountKey=iI0p/ZhCOryPkR51Oy2IFAIj5Ni71Ib5oYjnfqsz4BGRz4P8QRx+9LnsA9pEbTUZdM3rEBDGuth1+AStskAQxQ==",
            "primary_blob_endpoint": "https://stgaccountproductservice.blob.core.windows.net/",
            "primary_blob_host": "stgaccountproductservice.blob.core.windows.net",
            "primary_blob_internet_endpoint": null,
            "primary_blob_internet_host": null,
            "primary_blob_microsoft_endpoint": null,
            "primary_blob_microsoft_host": null,
            "primary_connection_string": "DefaultEndpointsProtocol=https;AccountName=stgaccountproductservice;AccountKey=iI0p/ZhCOryPkR51Oy2IFAIj5Ni71Ib5oYjnfqsz4BGRz4P8QRx+9LnsA9pEbTUZdM3rEBDGuth1+AStskAQxQ==;EndpointSuffix=core.windows.net",
            "primary_dfs_endpoint": "https://stgaccountproductservice.dfs.core.windows.net/",
            "primary_dfs_host": "stgaccountproductservice.dfs.core.windows.net",
            "primary_dfs_internet_endpoint": null,
            "primary_dfs_internet_host": null,
            "primary_dfs_microsoft_endpoint": null,
            "primary_dfs_microsoft_host": null,
            "primary_file_endpoint": "https://stgaccountproductservice.file.core.windows.net/",
            "primary_file_host": "stgaccountproductservice.file.core.windows.net",
            "primary_file_internet_endpoint": null,
            "primary_file_internet_host": null,
            "primary_file_microsoft_endpoint": null,
            "primary_file_microsoft_host": null,
            "primary_location": "northeurope",
            "primary_queue_endpoint": "https://stgaccountproductservice.queue.core.windows.net/",
            "primary_queue_host": "stgaccountproductservice.queue.core.windows.net",
            "primary_queue_microsoft_endpoint": null,
            "primary_queue_microsoft_host": null,
            "primary_table_endpoint": "https://stgaccountproductservice.table.core.windows.net/",
            "primary_table_host": "stgaccountproductservice.table.core.windows.net",
            "primary_table_microsoft_endpoint": null,
            "primary_table_microsoft_host": null,
            "primary_web_endpoint": "https://stgaccountproductservice.z16.web.core.windows.net/",
            "primary_web_host": "stgaccountproductservice.z16.web.core.windows.net",
            "primary_web_internet_endpoint": null,
            "primary_web_internet_host": null,
            "primary_web_microsoft_endpoint": null,
            "primary_web_microsoft_host": null,
            "public_network_access_enabled": true,
            "queue_encryption_key_type": "Service",
            "queue_properties": [
              {
                "cors_rule": [],
                "hour_metrics": [
                  {
                    "enabled": true,
                    "include_apis": true,
                    "retention_policy_days": 7,
                    "version": "1.0"
                  }
                ],
                "logging": [
                  {
                    "delete": false,
                    "read": false,
                    "retention_policy_days": 0,
                    "version": "1.0",
                    "write": false
                  }
                ],
                "minute_metrics": [
                  {
                    "enabled": false,
                    "include_apis": false,
                    "retention_policy_days": 0,
                    "version": "1.0"
                  }
                ]
              }
            ],
            "resource_group_name": "rg-product-service-sand-ne-001",
            "routing": [],
            "sas_policy": [],
            "secondary_access_key": "JcJ53MQCNUKbIYxhyGl/BlLIJNFOkDeR/excHiUHhazO6d9LRuGbFgOVLsJlDdImheYUBdRKMLh2+ASt3RCJAg==",
            "secondary_blob_connection_string": "",
            "secondary_blob_endpoint": null,
            "secondary_blob_host": null,
            "secondary_blob_internet_endpoint": null,
            "secondary_blob_internet_host": null,
            "secondary_blob_microsoft_endpoint": null,
            "secondary_blob_microsoft_host": null,
            "secondary_connection_string": "DefaultEndpointsProtocol=https;AccountName=stgaccountproductservice;AccountKey=JcJ53MQCNUKbIYxhyGl/BlLIJNFOkDeR/excHiUHhazO6d9LRuGbFgOVLsJlDdImheYUBdRKMLh2+ASt3RCJAg==;EndpointSuffix=core.windows.net",
            "secondary_dfs_endpoint": null,
            "secondary_dfs_host": null,
            "secondary_dfs_internet_endpoint": null,
            "secondary_dfs_internet_host": null,
            "secondary_dfs_microsoft_endpoint": null,
            "secondary_dfs_microsoft_host": null,
            "secondary_file_endpoint": null,
            "secondary_file_host": null,
            "secondary_file_internet_endpoint": null,
            "secondary_file_internet_host": null,
            "secondary_file_microsoft_endpoint": null,
            "secondary_file_microsoft_host": null,
            "secondary_location": "",
            "secondary_queue_endpoint": null,
            "secondary_queue_host": null,
            "secondary_queue_microsoft_endpoint": null,
            "secondary_queue_microsoft_host": null,
            "secondary_table_endpoint": null,
            "secondary_table_host": null,
            "secondary_table_microsoft_endpoint": null,
            "secondary_table_microsoft_host": null,
            "secondary_web_endpoint": null,
            "secondary_web_host": null,
            "secondary_web_internet_endpoint": null,
            "secondary_web_internet_host": null,
            "secondary_web_microsoft_endpoint": null,
            "secondary_web_microsoft_host": null,
            "sftp_enabled": false,
            "share_properties": [
              {
                "cors_rule": [],
                "retention_policy": [
                  {
                    "days": 7
                  }
                ],
                "smb": []
              }
            ],
            "shared_access_key_enabled": true,
            "static_website": [],
            "table_encryption_key_type": "Service",
            "tags": {},
            "timeouts": null
          },
          "sensitive_attributes": [],
          "private": "eyJlMmJmYjczMC1lY2FhLTExZTYtOGY4OC0zNDM2M2JjN2M0YzAiOnsiY3JlYXRlIjozNjAwMDAwMDAwMDAwLCJkZWxldGUiOjM2MDAwMDAwMDAwMDAsInJlYWQiOjMwMDAwMDAwMDAwMCwidXBkYXRlIjozNjAwMDAwMDAwMDAwfSwic2NoZW1hX3ZlcnNpb24iOiI0In0=",
          "dependencies": [
            "azurerm_resource_group.product_service_rg"
          ]
        }
      ]
    },
    {
      "mode": "managed",
      "type": "azurerm_storage_container",
      "name": "parsed_container",
      "provider": "provider[\"registry.terraform.io/hashicorp/azurerm\"]",
      "instances": [
        {
          "schema_version": 1,
          "attributes": {
            "container_access_type": "blob",
            "has_immutability_policy": false,
            "has_legal_hold": false,
            "id": "https://volodkoimportfiles001.blob.core.windows.net/parsed",
            "metadata": {},
            "name": "parsed",
            "resource_manager_id": "/subscriptions/738ecd1a-cec3-4b76-9ecf-24ea9606a0fe/resourceGroups/rg-import-service-sand-ne-vol/providers/Microsoft.Storage/storageAccounts/volodkoimportfiles001/blobServices/default/containers/parsed",
            "storage_account_name": "volodkoimportfiles001",
            "timeouts": null
          },
          "sensitive_attributes": [],
          "private": "eyJlMmJmYjczMC1lY2FhLTExZTYtOGY4OC0zNDM2M2JjN2M0YzAiOnsiY3JlYXRlIjoxODAwMDAwMDAwMDAwLCJkZWxldGUiOjE4MDAwMDAwMDAwMDAsInJlYWQiOjMwMDAwMDAwMDAwMCwidXBkYXRlIjoxODAwMDAwMDAwMDAwfSwic2NoZW1hX3ZlcnNpb24iOiIxIn0=",
          "dependencies": [
            "azurerm_resource_group.import_service_rg",
            "azurerm_storage_account.import_service_files"
          ]
        }
      ]
    },
    {
      "mode": "managed",
      "type": "azurerm_storage_container",
      "name": "uploaded_container",
      "provider": "provider[\"registry.terraform.io/hashicorp/azurerm\"]",
      "instances": [
        {
          "schema_version": 1,
          "attributes": {
            "container_access_type": "blob",
            "has_immutability_policy": false,
            "has_legal_hold": false,
            "id": "https://volodkoimportfiles001.blob.core.windows.net/uploaded",
            "metadata": {},
            "name": "uploaded",
            "resource_manager_id": "/subscriptions/738ecd1a-cec3-4b76-9ecf-24ea9606a0fe/resourceGroups/rg-import-service-sand-ne-vol/providers/Microsoft.Storage/storageAccounts/volodkoimportfiles001/blobServices/default/containers/uploaded",
            "storage_account_name": "volodkoimportfiles001",
            "timeouts": null
          },
          "sensitive_attributes": [],
          "private": "eyJlMmJmYjczMC1lY2FhLTExZTYtOGY4OC0zNDM2M2JjN2M0YzAiOnsiY3JlYXRlIjoxODAwMDAwMDAwMDAwLCJkZWxldGUiOjE4MDAwMDAwMDAwMDAsInJlYWQiOjMwMDAwMDAwMDAwMCwidXBkYXRlIjoxODAwMDAwMDAwMDAwfSwic2NoZW1hX3ZlcnNpb24iOiIxIn0=",
          "dependencies": [
            "azurerm_resource_group.import_service_rg",
            "azurerm_storage_account.import_service_files"
          ]
        }
      ]
    },
    {
      "mode": "managed",
      "type": "azurerm_storage_share",
      "name": "import_service_fa",
      "provider": "provider[\"registry.terraform.io/hashicorp/azurerm\"]",
      "instances": [
        {
          "schema_version": 2,
          "attributes": {
            "access_tier": "TransactionOptimized",
            "acl": [],
            "enabled_protocol": "SMB",
            "id": "https://volodkoimportfiles001.file.core.windows.net/fa-import-service-dev-voldk-share",
            "metadata": {},
            "name": "fa-import-service-dev-voldk-share",
            "quota": 2,
            "resource_manager_id": "/subscriptions/738ecd1a-cec3-4b76-9ecf-24ea9606a0fe/resourceGroups/rg-import-service-sand-ne-vol/providers/Microsoft.Storage/storageAccounts/volodkoimportfiles001/fileServices/default/fileshares/fa-import-service-dev-voldk-share",
            "storage_account_name": "volodkoimportfiles001",
            "timeouts": null,
            "url": "https://volodkoimportfiles001.file.core.windows.net/fa-import-service-dev-voldk-share"
          },
          "sensitive_attributes": [],
          "private": "eyJlMmJmYjczMC1lY2FhLTExZTYtOGY4OC0zNDM2M2JjN2M0YzAiOnsiY3JlYXRlIjoxODAwMDAwMDAwMDAwLCJkZWxldGUiOjE4MDAwMDAwMDAwMDAsInJlYWQiOjMwMDAwMDAwMDAwMCwidXBkYXRlIjoxODAwMDAwMDAwMDAwfSwic2NoZW1hX3ZlcnNpb24iOiIyIn0=",
          "dependencies": [
            "azurerm_resource_group.import_service_rg",
            "azurerm_storage_account.import_service_files"
          ]
        }
      ]
    },
    {
      "mode": "managed",
      "type": "azurerm_storage_share",
      "name": "products_service_fa",
      "provider": "provider[\"registry.terraform.io/hashicorp/azurerm\"]",
      "instances": [
        {
          "schema_version": 2,
          "attributes": {
            "access_tier": "TransactionOptimized",
            "acl": [],
            "enabled_protocol": "SMB",
            "id": "https://stgaccountproductservice.file.core.windows.net/fa-products-service-share",
            "metadata": {},
            "name": "fa-products-service-share",
            "quota": 2,
            "resource_manager_id": "/subscriptions/738ecd1a-cec3-4b76-9ecf-24ea9606a0fe/resourceGroups/rg-product-service-sand-ne-001/providers/Microsoft.Storage/storageAccounts/stgaccountproductservice/fileServices/default/fileshares/fa-products-service-share",
            "storage_account_name": "stgaccountproductservice",
            "timeouts": null,
            "url": "https://stgaccountproductservice.file.core.windows.net/fa-products-service-share"
          },
          "sensitive_attributes": [],
          "private": "eyJlMmJmYjczMC1lY2FhLTExZTYtOGY4OC0zNDM2M2JjN2M0YzAiOnsiY3JlYXRlIjoxODAwMDAwMDAwMDAwLCJkZWxldGUiOjE4MDAwMDAwMDAwMDAsInJlYWQiOjMwMDAwMDAwMDAwMCwidXBkYXRlIjoxODAwMDAwMDAwMDAwfSwic2NoZW1hX3ZlcnNpb24iOiIyIn0=",
          "dependencies": [
            "azurerm_resource_group.product_service_rg",
            "azurerm_storage_account.products_service_fa"
          ]
        }
      ]
    },
    {
      "mode": "managed",
      "type": "azurerm_windows_function_app",
      "name": "import_service",
      "provider": "provider[\"registry.terraform.io/hashicorp/azurerm\"]",
      "instances": [
        {
          "schema_version": 1,
          "attributes": {
            "app_settings": {
              "QUEUE_NAME": "servicebus-queue-vldk",
              "SERVICE_BUS_CONNECTION_STRING": "Endpoint=sb://servicebus-vldk.servicebus.windows.net/;SharedAccessKeyName=service-rule-vldk;SharedAccessKey=mJILxT0f87llt8CSCoQDef6P9u1iyX70l+ASbKBPifo=",
              "STORAGE_PARSED_CONTAINER": "parsed",
              "STORAGE_UPLOAD_CONTAINER": "uploaded",
              "WEBSITE_CONTENTAZUREFILECONNECTIONSTRING": "DefaultEndpointsProtocol=https;AccountName=volodkoimportfiles001;AccountKey=PaYtHV+r6LJjy7orpzAm8pDJbJ/YsheR4E6oZR8CPiteb4skPCpF8b9vsaWVSGYnUtF8mqCdW4uO+AStKpf6GA==;EndpointSuffix=core.windows.net",
              "WEBSITE_CONTENTSHARE": "fa-import-service-dev-voldk-share",
              "WEBSITE_RUN_FROM_PACKAGE": "1"
            },
            "auth_settings": [],
            "auth_settings_v2": [],
            "backup": [],
            "builtin_logging_enabled": false,
            "client_certificate_enabled": false,
            "client_certificate_exclusion_paths": "",
            "client_certificate_mode": "Optional",
            "connection_string": [],
            "content_share_force_disabled": false,
            "custom_domain_verification_id": "257CAE26DEA4BC0320BAF57012794BC6722DA376C6DE3960B34E1EF357ED278F",
            "daily_memory_time_quota": 0,
            "default_hostname": "fa-import-service-ne-vol.azurewebsites.net",
            "enabled": true,
            "ftp_publish_basic_authentication_enabled": true,
            "functions_extension_version": "~4",
            "hosting_environment_id": "",
            "https_only": false,
            "id": "/subscriptions/738ecd1a-cec3-4b76-9ecf-24ea9606a0fe/resourceGroups/rg-import-service-sand-ne-vol/providers/Microsoft.Web/sites/fa-import-service-ne-vol",
            "identity": [],
            "key_vault_reference_identity_id": "SystemAssigned",
            "kind": "functionapp",
            "location": "northeurope",
            "name": "fa-import-service-ne-vol",
            "outbound_ip_address_list": [
              "20.223.48.136",
              "20.223.48.137",
              "20.223.48.150",
              "20.223.48.151",
              "20.223.48.170",
              "20.223.48.171",
              "20.107.224.19"
            ],
            "outbound_ip_addresses": "20.223.48.136,20.223.48.137,20.223.48.150,20.223.48.151,20.223.48.170,20.223.48.171,20.107.224.19",
            "possible_outbound_ip_address_list": [
              "20.223.48.136",
              "20.223.48.137",
              "20.223.48.150",
              "20.223.48.151",
              "20.223.48.170",
              "20.223.48.171",
              "20.223.48.184",
              "20.223.48.185",
              "20.223.48.190",
              "20.223.48.191",
              "20.223.48.196",
              "20.223.48.197",
              "20.223.48.246",
              "20.223.48.247",
              "20.223.49.4",
              "20.223.49.5",
              "20.223.49.30",
              "20.223.49.31",
              "20.223.49.38",
              "20.223.49.39",
              "20.223.49.40",
              "20.223.49.41",
              "20.223.49.44",
              "20.223.49.45",
              "20.223.49.50",
              "20.223.49.51",
              "20.223.49.54",
              "20.223.49.55",
              "20.223.49.56",
              "20.223.49.57",
              "20.107.224.19"
            ],
            "possible_outbound_ip_addresses": "20.223.48.136,20.223.48.137,20.223.48.150,20.223.48.151,20.223.48.170,20.223.48.171,20.223.48.184,20.223.48.185,20.223.48.190,20.223.48.191,20.223.48.196,20.223.48.197,20.223.48.246,20.223.48.247,20.223.49.4,20.223.49.5,20.223.49.30,20.223.49.31,20.223.49.38,20.223.49.39,20.223.49.40,20.223.49.41,20.223.49.44,20.223.49.45,20.223.49.50,20.223.49.51,20.223.49.54,20.223.49.55,20.223.49.56,20.223.49.57,20.107.224.19",
            "public_network_access_enabled": true,
            "resource_group_name": "rg-import-service-sand-ne-vol",
            "service_plan_id": "/subscriptions/738ecd1a-cec3-4b76-9ecf-24ea9606a0fe/resourceGroups/rg-import-service-sand-ne-vol/providers/Microsoft.Web/serverFarms/asp-import-service-sand-ne-py-vol",
            "site_config": [
              {
                "always_on": false,
                "api_definition_url": "",
                "api_management_api_id": "",
                "app_command_line": "",
                "app_scale_limit": 200,
                "app_service_logs": [],
                "application_insights_connection_string": "InstrumentationKey=eafe5c8a-9457-49d9-9e99-40217234bb79;IngestionEndpoint=https://northeurope-4.in.applicationinsights.azure.com/;LiveEndpoint=https://northeurope.livediagnostics.monitor.azure.com/",
                "application_insights_key": "eafe5c8a-9457-49d9-9e99-40217234bb79",
                "application_stack": [
                  {
                    "dotnet_version": "v4.0",
                    "java_version": "",
                    "node_version": "~16",
                    "powershell_core_version": "",
                    "use_custom_runtime": false,
                    "use_dotnet_isolated_runtime": false
                  }
                ],
                "cors": [
                  {
                    "allowed_origins": [
                      "https://portal.azure.com"
                    ],
                    "support_credentials": false
                  }
                ],
                "default_documents": [
                  "Default.htm",
                  "Default.html",
                  "Default.asp",
                  "index.htm",
                  "index.html",
                  "iisstart.htm",
                  "default.aspx",
                  "index.php"
                ],
                "detailed_error_logging_enabled": false,
                "elastic_instance_minimum": 0,
                "ftps_state": "Disabled",
                "health_check_eviction_time_in_min": 0,
                "health_check_path": "",
                "http2_enabled": false,
                "ip_restriction": [],
                "load_balancing_mode": "LeastRequests",
                "managed_pipeline_mode": "Integrated",
                "minimum_tls_version": "1.2",
                "pre_warmed_instance_count": 0,
                "remote_debugging_enabled": false,
                "remote_debugging_version": "",
                "runtime_scale_monitoring_enabled": false,
                "scm_ip_restriction": [],
                "scm_minimum_tls_version": "1.2",
                "scm_type": "None",
                "scm_use_main_ip_restriction": false,
                "use_32_bit_worker": true,
                "vnet_route_all_enabled": false,
                "websockets_enabled": false,
                "windows_fx_version": "",
                "worker_count": 1
              }
            ],
            "site_credential": [
              {
                "name": "$fa-import-service-ne-vol",
                "password": "tZvdChbM97HlxzJnTfJ5c7m0cNra0qNoD1vNN5vyhGidNt5ilZtedPEfbikl"
              }
            ],
            "sticky_settings": [],
            "storage_account": [],
            "storage_account_access_key": "PaYtHV+r6LJjy7orpzAm8pDJbJ/YsheR4E6oZR8CPiteb4skPCpF8b9vsaWVSGYnUtF8mqCdW4uO+AStKpf6GA==",
            "storage_account_name": "volodkoimportfiles001",
            "storage_key_vault_secret_id": "",
            "storage_uses_managed_identity": false,
            "tags": {
              "hidden-link: /app-insights-instrumentation-key": "eafe5c8a-9457-49d9-9e99-40217234bb79",
              "hidden-link: /app-insights-resource-id": "/subscriptions/738ecd1a-cec3-4b76-9ecf-24ea9606a0fe/resourceGroups/rg-import-service-sand-ne-vol/providers/microsoft.insights/components/appins-fa-import-service-sand-ne-vol"
            },
            "timeouts": null,
            "virtual_network_subnet_id": "",
            "webdeploy_publish_basic_authentication_enabled": true,
            "zip_deploy_file": ""
          },
          "sensitive_attributes": [
            [
              {
                "type": "get_attr",
                "value": "app_settings"
              },
              {
                "type": "index",
                "value": {
                  "value": "SERVICE_BUS_CONNECTION_STRING",
                  "type": "string"
                }
              }
            ],
            [
              {
                "type": "get_attr",
                "value": "app_settings"
              },
              {
                "type": "index",
                "value": {
                  "value": "WEBSITE_CONTENTAZUREFILECONNECTIONSTRING",
                  "type": "string"
                }
              }
            ],
            [
              {
                "type": "get_attr",
                "value": "site_config"
              },
              {
                "type": "index",
                "value": {
                  "value": 0,
                  "type": "number"
                }
              },
              {
                "type": "get_attr",
                "value": "application_insights_connection_string"
              }
            ],
            [
              {
                "type": "get_attr",
                "value": "site_config"
              },
              {
                "type": "index",
                "value": {
                  "value": 0,
                  "type": "number"
                }
              },
              {
                "type": "get_attr",
                "value": "application_insights_key"
              }
            ],
            [
              {
                "type": "get_attr",
                "value": "storage_account_access_key"
              }
            ]
          ],
          "private": "eyJlMmJmYjczMC1lY2FhLTExZTYtOGY4OC0zNDM2M2JjN2M0YzAiOnsiY3JlYXRlIjoxODAwMDAwMDAwMDAwLCJkZWxldGUiOjE4MDAwMDAwMDAwMDAsInJlYWQiOjMwMDAwMDAwMDAwMCwidXBkYXRlIjoxODAwMDAwMDAwMDAwfSwic2NoZW1hX3ZlcnNpb24iOiIxIn0=",
          "dependencies": [
            "azurerm_application_insights.import_service_fa",
            "azurerm_resource_group.import_service_rg",
            "azurerm_resource_group.service_bus_queue_vldk",
            "azurerm_service_plan.import_service_plan",
            "azurerm_servicebus_namespace.service_bus_vldk",
            "azurerm_servicebus_namespace_authorization_rule.service-rule-vldk",
            "azurerm_servicebus_queue.service_bus_queue_vldk",
            "azurerm_storage_account.import_service_files",
            "azurerm_storage_container.parsed_container",
            "azurerm_storage_container.uploaded_container",
            "azurerm_storage_share.import_service_fa"
          ]
        }
      ]
    },
    {
      "mode": "managed",
      "type": "azurerm_windows_function_app",
      "name": "products_service",
      "provider": "provider[\"registry.terraform.io/hashicorp/azurerm\"]",
      "instances": [
        {
          "schema_version": 1,
          "attributes": {
            "app_settings": {
              "AzureWebJobsMyServiceBus": "Endpoint=sb://servicebus-vldk.servicebus.windows.net/;SharedAccessKeyName=service-rule-vldk;SharedAccessKey=mJILxT0f87llt8CSCoQDef6P9u1iyX70l+ASbKBPifo=",
              "COSMOSDB_ENDPOINT": "https://cosmos-test-app-volodko.documents.azure.com:443/",
              "COSMOSDB_NAME": "products-db",
              "COSMOSDB_PRIMARY_KEY": "c01gRMBBSs3d7DeLIyAG7SWHN9imvrMnvCaVzaX0O6rnwakLgYHgkaJdy8ILUEX2fD1xt4TZ6BX3ACDbXOwxpQ==",
              "COSMOSDB_PRODUCTS_CONTAINER_NAME": "products",
              "COSMOSDB_STOCKS_CONTAINER_NAME": "stocks",
              "SERVICE_BUS_CONNECTION_STRING": "Endpoint=sb://servicebus-vldk.servicebus.windows.net/;SharedAccessKeyName=service-rule-vldk;SharedAccessKey=mJILxT0f87llt8CSCoQDef6P9u1iyX70l+ASbKBPifo=",
              "WEBSITE_CONTENTAZUREFILECONNECTIONSTRING": "DefaultEndpointsProtocol=https;AccountName=stgaccountproductservice;AccountKey=iI0p/ZhCOryPkR51Oy2IFAIj5Ni71Ib5oYjnfqsz4BGRz4P8QRx+9LnsA9pEbTUZdM3rEBDGuth1+AStskAQxQ==;EndpointSuffix=core.windows.net",
              "WEBSITE_CONTENTSHARE": "fa-products-service-share"
            },
            "auth_settings": [],
            "auth_settings_v2": [],
            "backup": [],
            "builtin_logging_enabled": false,
            "client_certificate_enabled": false,
            "client_certificate_exclusion_paths": "",
            "client_certificate_mode": "Optional",
            "connection_string": [],
            "content_share_force_disabled": false,
            "custom_domain_verification_id": "257CAE26DEA4BC0320BAF57012794BC6722DA376C6DE3960B34E1EF357ED278F",
            "daily_memory_time_quota": 0,
            "default_hostname": "func-app-product-service.azurewebsites.net",
            "enabled": true,
            "ftp_publish_basic_authentication_enabled": true,
            "functions_extension_version": "~4",
            "hosting_environment_id": "",
            "https_only": false,
            "id": "/subscriptions/738ecd1a-cec3-4b76-9ecf-24ea9606a0fe/resourceGroups/rg-product-service-sand-ne-001/providers/Microsoft.Web/sites/func-app-product-service",
            "identity": [],
            "key_vault_reference_identity_id": "SystemAssigned",
            "kind": "functionapp",
            "location": "northeurope",
            "name": "func-app-product-service",
            "outbound_ip_address_list": [
              "51.104.179.79",
              "51.104.183.122",
              "20.54.50.163",
              "20.54.50.178",
              "20.54.50.185",
              "20.54.50.194",
              "20.107.224.26"
            ],
            "outbound_ip_addresses": "51.104.179.79,51.104.183.122,20.54.50.163,20.54.50.178,20.54.50.185,20.54.50.194,20.107.224.26",
            "possible_outbound_ip_address_list": [
              "51.104.179.79",
              "51.104.183.122",
              "20.54.50.163",
              "20.54.50.178",
              "20.54.50.185",
              "20.54.50.194",
              "20.54.50.208",
              "51.104.183.225",
              "20.54.51.14",
              "20.54.48.117",
              "20.54.51.17",
              "20.54.51.21",
              "20.54.51.28",
              "20.54.51.42",
              "51.104.180.43",
              "20.54.48.10",
              "20.54.48.19",
              "51.104.178.242",
              "20.54.48.48",
              "20.54.48.61",
              "20.54.48.83",
              "20.54.48.254",
              "20.54.51.50",
              "20.54.51.52",
              "20.54.50.139",
              "20.54.51.121",
              "20.54.51.136",
              "20.54.51.166",
              "20.54.51.182",
              "20.54.51.197",
              "20.107.224.26"
            ],
            "possible_outbound_ip_addresses": "51.104.179.79,51.104.183.122,20.54.50.163,20.54.50.178,20.54.50.185,20.54.50.194,20.54.50.208,51.104.183.225,20.54.51.14,20.54.48.117,20.54.51.17,20.54.51.21,20.54.51.28,20.54.51.42,51.104.180.43,20.54.48.10,20.54.48.19,51.104.178.242,20.54.48.48,20.54.48.61,20.54.48.83,20.54.48.254,20.54.51.50,20.54.51.52,20.54.50.139,20.54.51.121,20.54.51.136,20.54.51.166,20.54.51.182,20.54.51.197,20.107.224.26",
            "public_network_access_enabled": true,
            "resource_group_name": "rg-product-service-sand-ne-001",
            "service_plan_id": "/subscriptions/738ecd1a-cec3-4b76-9ecf-24ea9606a0fe/resourceGroups/rg-product-service-sand-ne-001/providers/Microsoft.Web/serverFarms/asp-product-service-sand-ne-001",
            "site_config": [
              {
                "always_on": false,
                "api_definition_url": "",
                "api_management_api_id": "",
                "app_command_line": "",
                "app_scale_limit": 200,
                "app_service_logs": [],
                "application_insights_connection_string": "InstrumentationKey=2dfac560-eb6b-4e89-a1b0-b1c7db3e82b6;IngestionEndpoint=https://northeurope-5.in.applicationinsights.azure.com/;LiveEndpoint=https://northeurope.livediagnostics.monitor.azure.com/",
                "application_insights_key": "2dfac560-eb6b-4e89-a1b0-b1c7db3e82b6",
                "application_stack": [
                  {
                    "dotnet_version": "v4.0",
                    "java_version": "",
                    "node_version": "~16",
                    "powershell_core_version": "",
                    "use_custom_runtime": false,
                    "use_dotnet_isolated_runtime": false
                  }
                ],
                "cors": [
                  {
                    "allowed_origins": [
                      "https://portal.azure.com"
                    ],
                    "support_credentials": false
                  }
                ],
                "default_documents": [
                  "Default.htm",
                  "Default.html",
                  "Default.asp",
                  "index.htm",
                  "index.html",
                  "iisstart.htm",
                  "default.aspx",
                  "index.php"
                ],
                "detailed_error_logging_enabled": false,
                "elastic_instance_minimum": 0,
                "ftps_state": "Disabled",
                "health_check_eviction_time_in_min": 0,
                "health_check_path": "",
                "http2_enabled": false,
                "ip_restriction": [],
                "load_balancing_mode": "LeastRequests",
                "managed_pipeline_mode": "Integrated",
                "minimum_tls_version": "1.2",
                "pre_warmed_instance_count": 0,
                "remote_debugging_enabled": false,
                "remote_debugging_version": "",
                "runtime_scale_monitoring_enabled": false,
                "scm_ip_restriction": [],
                "scm_minimum_tls_version": "1.2",
                "scm_type": "None",
                "scm_use_main_ip_restriction": false,
                "use_32_bit_worker": false,
                "vnet_route_all_enabled": false,
                "websockets_enabled": false,
                "windows_fx_version": "",
                "worker_count": 1
              }
            ],
            "site_credential": [
              {
                "name": "$func-app-product-service",
                "password": "kfegEory03m4GhKjCjpPr4spQXEYjgmou9Wdefq3tzApchvF4WpoxAurJNZ9"
              }
            ],
            "sticky_settings": [],
            "storage_account": [],
            "storage_account_access_key": "iI0p/ZhCOryPkR51Oy2IFAIj5Ni71Ib5oYjnfqsz4BGRz4P8QRx+9LnsA9pEbTUZdM3rEBDGuth1+AStskAQxQ==",
            "storage_account_name": "stgaccountproductservice",
            "storage_key_vault_secret_id": "",
            "storage_uses_managed_identity": false,
            "tags": null,
            "timeouts": null,
            "virtual_network_subnet_id": "",
            "webdeploy_publish_basic_authentication_enabled": true,
            "zip_deploy_file": ""
          },
          "sensitive_attributes": [
            [
              {
                "type": "get_attr",
                "value": "site_config"
              },
              {
                "type": "index",
                "value": {
                  "value": 0,
                  "type": "number"
                }
              },
              {
                "type": "get_attr",
                "value": "application_insights_key"
              }
            ],
            [
              {
                "type": "get_attr",
                "value": "site_config"
              },
              {
                "type": "index",
                "value": {
                  "value": 0,
                  "type": "number"
                }
              },
              {
                "type": "get_attr",
                "value": "application_insights_connection_string"
              }
            ],
            [
              {
                "type": "get_attr",
                "value": "storage_account_access_key"
              }
            ],
            [
              {
                "type": "get_attr",
                "value": "app_settings"
              },
              {
                "type": "index",
                "value": {
                  "value": "AzureWebJobsMyServiceBus",
                  "type": "string"
                }
              }
            ],
            [
              {
                "type": "get_attr",
                "value": "app_settings"
              },
              {
                "type": "index",
                "value": {
                  "value": "COSMOSDB_PRIMARY_KEY",
                  "type": "string"
                }
              }
            ],
            [
              {
                "type": "get_attr",
                "value": "app_settings"
              },
              {
                "type": "index",
                "value": {
                  "value": "SERVICE_BUS_CONNECTION_STRING",
                  "type": "string"
                }
              }
            ],
            [
              {
                "type": "get_attr",
                "value": "app_settings"
              },
              {
                "type": "index",
                "value": {
                  "value": "WEBSITE_CONTENTAZUREFILECONNECTIONSTRING",
                  "type": "string"
                }
              }
            ]
          ],
          "private": "eyJlMmJmYjczMC1lY2FhLTExZTYtOGY4OC0zNDM2M2JjN2M0YzAiOnsiY3JlYXRlIjoxODAwMDAwMDAwMDAwLCJkZWxldGUiOjE4MDAwMDAwMDAwMDAsInJlYWQiOjMwMDAwMDAwMDAwMCwidXBkYXRlIjoxODAwMDAwMDAwMDAwfSwic2NoZW1hX3ZlcnNpb24iOiIxIn0=",
          "dependencies": [
            "azurerm_application_insights.products_service_fa",
            "azurerm_cosmosdb_account.test_app",
            "azurerm_cosmosdb_sql_container.products",
            "azurerm_cosmosdb_sql_container.stocks",
            "azurerm_cosmosdb_sql_database.products_app",
            "azurerm_resource_group.product_service_rg",
            "azurerm_resource_group.service_bus_queue_vldk",
            "azurerm_service_plan.product_service_plan",
            "azurerm_servicebus_namespace.service_bus_vldk",
            "azurerm_servicebus_namespace_authorization_rule.service-rule-vldk",
            "azurerm_storage_account.products_service_fa",
            "azurerm_storage_share.products_service_fa"
          ]
        }
      ]
    }
  ],
  "check_results": null
}
